// !$*UTF8*$!
{
	archiveVersion = 1;
	classes = {
	};
	objectVersion = 55;
	objects = {

/* Begin PBXBuildFile section */
		43BD23B52891DD6800D52266 /* SwiftUI_3_State_InteractionApp.swift in Sources */ = {isa = PBXBuildFile; fileRef = 43BD23A52891DD6700D52266 /* SwiftUI_3_State_InteractionApp.swift */; };
		43BD23B62891DD6800D52266 /* SwiftUI_3_State_InteractionApp.swift in Sources */ = {isa = PBXBuildFile; fileRef = 43BD23A52891DD6700D52266 /* SwiftUI_3_State_InteractionApp.swift */; };
		43BD23B72891DD6800D52266 /* State Variables.swift in Sources */ = {isa = PBXBuildFile; fileRef = 43BD23A62891DD6700D52266 /* State Variables.swift */; };
		43BD23B82891DD6800D52266 /* State Variables.swift in Sources */ = {isa = PBXBuildFile; fileRef = 43BD23A62891DD6700D52266 /* State Variables.swift */; };
		43BD23B92891DD6800D52266 /* Assets.xcassets in Resources */ = {isa = PBXBuildFile; fileRef = 43BD23A72891DD6800D52266 /* Assets.xcassets */; };
		43BD23BA2891DD6800D52266 /* Assets.xcassets in Resources */ = {isa = PBXBuildFile; fileRef = 43BD23A72891DD6800D52266 /* Assets.xcassets */; };
		43BD23C42891E12B00D52266 /* State Objects.swift in Sources */ = {isa = PBXBuildFile; fileRef = 43BD23C32891E12B00D52266 /* State Objects.swift */; };
		43BD23C52891E12B00D52266 /* State Objects.swift in Sources */ = {isa = PBXBuildFile; fileRef = 43BD23C32891E12B00D52266 /* State Objects.swift */; };
		43BD23C72891E90700D52266 /* Binding.swift in Sources */ = {isa = PBXBuildFile; fileRef = 43BD23C62891E90700D52266 /* Binding.swift */; };
		43BD23C82891E90700D52266 /* Binding.swift in Sources */ = {isa = PBXBuildFile; fileRef = 43BD23C62891E90700D52266 /* Binding.swift */; };
		43BD23CA2891EDF300D52266 /* Environment Variables.swift in Sources */ = {isa = PBXBuildFile; fileRef = 43BD23C92891EDF300D52266 /* Environment Variables.swift */; };
		43BD23CB2891EDF300D52266 /* Environment Variables.swift in Sources */ = {isa = PBXBuildFile; fileRef = 43BD23C92891EDF300D52266 /* Environment Variables.swift */; };
		43BD23E02892062200D52266 /* AsyncImage.swift in Sources */ = {isa = PBXBuildFile; fileRef = 43BD23DF2892062200D52266 /* AsyncImage.swift */; };
		43BD23E12892062200D52266 /* AsyncImage.swift in Sources */ = {isa = PBXBuildFile; fileRef = 43BD23DF2892062200D52266 /* AsyncImage.swift */; };
		43BD23E32892079600D52266 /* MoreOnListViews.swift in Sources */ = {isa = PBXBuildFile; fileRef = 43BD23E22892079600D52266 /* MoreOnListViews.swift */; };
		43BD23E42892079600D52266 /* MoreOnListViews.swift in Sources */ = {isa = PBXBuildFile; fileRef = 43BD23E22892079600D52266 /* MoreOnListViews.swift */; };
		43DED5A22E394ADA00535B1E /* Lecture1.swift in Sources */ = {isa = PBXBuildFile; fileRef = 43DED5A12E394AD500535B1E /* Lecture1.swift */; };
		43DED5A32E394ADA00535B1E /* Lecture1.swift in Sources */ = {isa = PBXBuildFile; fileRef = 43DED5A12E394AD500535B1E /* Lecture1.swift */; };
		43DED5B32E395BDE00535B1E /* Lecture2.swift in Sources */ = {isa = PBXBuildFile; fileRef = 43DED5B22E395BDB00535B1E /* Lecture2.swift */; };
		43DED5B42E395BDE00535B1E /* Lecture2.swift in Sources */ = {isa = PBXBuildFile; fileRef = 43DED5B22E395BDB00535B1E /* Lecture2.swift */; };
/* End PBXBuildFile section */

/* Begin PBXFileReference section */
		43BD23A52891DD6700D52266 /* SwiftUI_3_State_InteractionApp.swift */ = {isa = PBXFileReference; lastKnownFileType = sourcecode.swift; path = SwiftUI_3_State_InteractionApp.swift; sourceTree = "<group>"; };
		43BD23A62891DD6700D52266 /* State Variables.swift */ = {isa = PBXFileReference; lastKnownFileType = sourcecode.swift; path = "State Variables.swift"; sourceTree = "<group>"; };
		43BD23A72891DD6800D52266 /* Assets.xcassets */ = {isa = PBXFileReference; lastKnownFileType = folder.assetcatalog; path = Assets.xcassets; sourceTree = "<group>"; };
		43BD23AC2891DD6800D52266 /* SwiftUI_3_State_Interaction.app */ = {isa = PBXFileReference; explicitFileType = wrapper.application; includeInIndex = 0; path = SwiftUI_3_State_Interaction.app; sourceTree = BUILT_PRODUCTS_DIR; };
		43BD23B22891DD6800D52266 /* SwiftUI_3_State_Interaction.app */ = {isa = PBXFileReference; explicitFileType = wrapper.application; includeInIndex = 0; path = SwiftUI_3_State_Interaction.app; sourceTree = BUILT_PRODUCTS_DIR; };
		43BD23B42891DD6800D52266 /* macOS.entitlements */ = {isa = PBXFileReference; lastKnownFileType = text.plist.entitlements; path = macOS.entitlements; sourceTree = "<group>"; };
		43BD23C32891E12B00D52266 /* State Objects.swift */ = {isa = PBXFileReference; lastKnownFileType = sourcecode.swift; path = "State Objects.swift"; sourceTree = "<group>"; };
		43BD23C62891E90700D52266 /* Binding.swift */ = {isa = PBXFileReference; lastKnownFileType = sourcecode.swift; path = Binding.swift; sourceTree = "<group>"; };
		43BD23C92891EDF300D52266 /* Environment Variables.swift */ = {isa = PBXFileReference; lastKnownFileType = sourcecode.swift; path = "Environment Variables.swift"; sourceTree = "<group>"; };
		43BD23DF2892062200D52266 /* AsyncImage.swift */ = {isa = PBXFileReference; lastKnownFileType = sourcecode.swift; path = AsyncImage.swift; sourceTree = "<group>"; };
		43BD23E22892079600D52266 /* MoreOnListViews.swift */ = {isa = PBXFileReference; lastKnownFileType = sourcecode.swift; path = MoreOnListViews.swift; sourceTree = "<group>"; };
		43BD23E52892125F00D52266 /* SwiftUI_State.key */ = {isa = PBXFileReference; lastKnownFileType = file; path = SwiftUI_State.key; sourceTree = "<group>"; };
		43DED5A12E394AD500535B1E /* Lecture1.swift */ = {isa = PBXFileReference; lastKnownFileType = sourcecode.swift; path = Lecture1.swift; sourceTree = "<group>"; };
		43DED5B22E395BDB00535B1E /* Lecture2.swift */ = {isa = PBXFileReference; lastKnownFileType = sourcecode.swift; path = Lecture2.swift; sourceTree = "<group>"; };
/* End PBXFileReference section */

/* Begin PBXFrameworksBuildPhase section */
		43BD23A92891DD6800D52266 /* Frameworks */ = {
			isa = PBXFrameworksBuildPhase;
			buildActionMask = 2147483647;
			files = (
			);
			runOnlyForDeploymentPostprocessing = 0;
		};
		43BD23AF2891DD6800D52266 /* Frameworks */ = {
			isa = PBXFrameworksBuildPhase;
			buildActionMask = 2147483647;
			files = (
			);
			runOnlyForDeploymentPostprocessing = 0;
		};
/* End PBXFrameworksBuildPhase section */

/* Begin PBXGroup section */
		43BD239F2891DD6700D52266 = {
			isa = PBXGroup;
			children = (
				43BD23A42891DD6700D52266 /* Shared */,
				43BD23B32891DD6800D52266 /* macOS */,
				43BD23AD2891DD6800D52266 /* Products */,
			);
			sourceTree = "<group>";
		};
		43BD23A42891DD6700D52266 /* Shared */ = {
			isa = PBXGroup;
			children = (
				43DED5A12E394AD500535B1E /* Lecture1.swift */,
				43DED5B22E395BDB00535B1E /* Lecture2.swift */,
				43BD23A52891DD6700D52266 /* SwiftUI_3_State_InteractionApp.swift */,
				43BD23A62891DD6700D52266 /* State Variables.swift */,
				43BD23C32891E12B00D52266 /* State Objects.swift */,
				43BD23C62891E90700D52266 /* Binding.swift */,
				43BD23C92891EDF300D52266 /* Environment Variables.swift */,
				43BD23DF2892062200D52266 /* AsyncImage.swift */,
				43BD23E22892079600D52266 /* MoreOnListViews.swift */,
				43BD23E52892125F00D52266 /* SwiftUI_State.key */,
				43BD23A72891DD6800D52266 /* Assets.xcassets */,
			);
			path = Shared;
			sourceTree = "<group>";
		};
		43BD23AD2891DD6800D52266 /* Products */ = {
			isa = PBXGroup;
			children = (
				43BD23AC2891DD6800D52266 /* SwiftUI_3_State_Interaction.app */,
				43BD23B22891DD6800D52266 /* SwiftUI_3_State_Interaction.app */,
			);
			name = Products;
			sourceTree = "<group>";
		};
		43BD23B32891DD6800D52266 /* macOS */ = {
			isa = PBXGroup;
			children = (
				43BD23B42891DD6800D52266 /* macOS.entitlements */,
			);
			path = macOS;
			sourceTree = "<group>";
		};
/* End PBXGroup section */

/* Begin PBXNativeTarget section */
		43BD23AB2891DD6800D52266 /* SwiftUI_3_State_Interaction (iOS) */ = {
			isa = PBXNativeTarget;
			buildConfigurationList = 43BD23BD2891DD6800D52266 /* Build configuration list for PBXNativeTarget "SwiftUI_3_State_Interaction (iOS)" */;
			buildPhases = (
				43BD23A82891DD6800D52266 /* Sources */,
				43BD23A92891DD6800D52266 /* Frameworks */,
				43BD23AA2891DD6800D52266 /* Resources */,
			);
			buildRules = (
			);
			dependencies = (
			);
			name = "SwiftUI_3_State_Interaction (iOS)";
			productName = "SwiftUI_3_State_Interaction (iOS)";
			productReference = 43BD23AC2891DD6800D52266 /* SwiftUI_3_State_Interaction.app */;
			productType = "com.apple.product-type.application";
		};
		43BD23B12891DD6800D52266 /* SwiftUI_3_State_Interaction (macOS) */ = {
			isa = PBXNativeTarget;
			buildConfigurationList = 43BD23C02891DD6800D52266 /* Build configuration list for PBXNativeTarget "SwiftUI_3_State_Interaction (macOS)" */;
			buildPhases = (
				43BD23AE2891DD6800D52266 /* Sources */,
				43BD23AF2891DD6800D52266 /* Frameworks */,
				43BD23B02891DD6800D52266 /* Resources */,
			);
			buildRules = (
			);
			dependencies = (
			);
			name = "SwiftUI_3_State_Interaction (macOS)";
			productName = "SwiftUI_3_State_Interaction (macOS)";
			productReference = 43BD23B22891DD6800D52266 /* SwiftUI_3_State_Interaction.app */;
			productType = "com.apple.product-type.application";
		};
/* End PBXNativeTarget section */

/* Begin PBXProject section */
		43BD23A02891DD6700D52266 /* Project object */ = {
			isa = PBXProject;
			attributes = {
				BuildIndependentTargetsInParallel = 1;
				LastSwiftUpdateCheck = 1330;
				LastUpgradeCheck = 1330;
				TargetAttributes = {
					43BD23AB2891DD6800D52266 = {
						CreatedOnToolsVersion = 13.3.1;
					};
					43BD23B12891DD6800D52266 = {
						CreatedOnToolsVersion = 13.3.1;
					};
				};
			};
			buildConfigurationList = 43BD23A32891DD6700D52266 /* Build configuration list for PBXProject "SwiftUI_3_State_Interaction" */;
			compatibilityVersion = "Xcode 13.0";
			developmentRegion = en;
			hasScannedForEncodings = 0;
			knownRegions = (
				en,
				Base,
			);
			mainGroup = 43BD239F2891DD6700D52266;
			productRefGroup = 43BD23AD2891DD6800D52266 /* Products */;
			projectDirPath = "";
			projectRoot = "";
			targets = (
				43BD23AB2891DD6800D52266 /* SwiftUI_3_State_Interaction (iOS) */,
				43BD23B12891DD6800D52266 /* SwiftUI_3_State_Interaction (macOS) */,
			);
		};
/* End PBXProject section */

/* Begin PBXResourcesBuildPhase section */
		43BD23AA2891DD6800D52266 /* Resources */ = {
			isa = PBXResourcesBuildPhase;
			buildActionMask = 2147483647;
			files = (
				43BD23B92891DD6800D52266 /* Assets.xcassets in Resources */,
			);
			runOnlyForDeploymentPostprocessing = 0;
		};
		43BD23B02891DD6800D52266 /* Resources */ = {
			isa = PBXResourcesBuildPhase;
			buildActionMask = 2147483647;
			files = (
				43BD23BA2891DD6800D52266 /* Assets.xcassets in Resources */,
			);
			runOnlyForDeploymentPostprocessing = 0;
		};
/* End PBXResourcesBuildPhase section */

/* Begin PBXSourcesBuildPhase section */
		43BD23A82891DD6800D52266 /* Sources */ = {
			isa = PBXSourcesBuildPhase;
			buildActionMask = 2147483647;
			files = (
				43BD23E32892079600D52266 /* MoreOnListViews.swift in Sources */,
				43BD23C42891E12B00D52266 /* State Objects.swift in Sources */,
				43BD23B72891DD6800D52266 /* State Variables.swift in Sources */,
				43BD23B52891DD6800D52266 /* SwiftUI_3_State_InteractionApp.swift in Sources */,
				43DED5A22E394ADA00535B1E /* Lecture1.swift in Sources */,
				43BD23C72891E90700D52266 /* Binding.swift in Sources */,
				43BD23E02892062200D52266 /* AsyncImage.swift in Sources */,
				43BD23CA2891EDF300D52266 /* Environment Variables.swift in Sources */,
				43DED5B42E395BDE00535B1E /* Lecture2.swift in Sources */,
			);
			runOnlyForDeploymentPostprocessing = 0;
		};
		43BD23AE2891DD6800D52266 /* Sources */ = {
			isa = PBXSourcesBuildPhase;
			buildActionMask = 2147483647;
			files = (
				43BD23E42892079600D52266 /* MoreOnListViews.swift in Sources */,
				43BD23C52891E12B00D52266 /* State Objects.swift in Sources */,
				43BD23B82891DD6800D52266 /* State Variables.swift in Sources */,
				43BD23B62891DD6800D52266 /* SwiftUI_3_State_InteractionApp.swift in Sources */,
				43DED5A32E394ADA00535B1E /* Lecture1.swift in Sources */,
				43BD23C82891E90700D52266 /* Binding.swift in Sources */,
				43BD23E12892062200D52266 /* AsyncImage.swift in Sources */,
				43BD23CB2891EDF300D52266 /* Environment Variables.swift in Sources */,
				43DED5B32E395BDE00535B1E /* Lecture2.swift in Sources */,
			);
			runOnlyForDeploymentPostprocessing = 0;
		};
/* End PBXSourcesBuildPhase section */

/* Begin XCBuildConfiguration section */
		43BD23BB2891DD6800D52266 /* Debug */ = {
			isa = XCBuildConfiguration;
			buildSettings = {
				ALWAYS_SEARCH_USER_PATHS = NO;
				CLANG_ANALYZER_NONNULL = YES;
				CLANG_ANALYZER_NUMBER_OBJECT_CONVERSION = YES_AGGRESSIVE;
				CLANG_CXX_LANGUAGE_STANDARD = "gnu++17";
				CLANG_ENABLE_MODULES = YES;
				CLANG_ENABLE_OBJC_ARC = YES;
				CLANG_ENABLE_OBJC_WEAK = YES;
				CLANG_WARN_BLOCK_CAPTURE_AUTORELEASING = YES;
				CLANG_WARN_BOOL_CONVERSION = YES;
				CLANG_WARN_COMMA = YES;
				CLANG_WARN_CONSTANT_CONVERSION = YES;
				CLANG_WARN_DEPRECATED_OBJC_IMPLEMENTATIONS = YES;
				CLANG_WARN_DIRECT_OBJC_ISA_USAGE = YES_ERROR;
				CLANG_WARN_DOCUMENTATION_COMMENTS = YES;
				CLANG_WARN_EMPTY_BODY = YES;
				CLANG_WARN_ENUM_CONVERSION = YES;
				CLANG_WARN_INFINITE_RECURSION = YES;
				CLANG_WARN_INT_CONVERSION = YES;
				CLANG_WARN_NON_LITERAL_NULL_CONVERSION = YES;
				CLANG_WARN_OBJC_IMPLICIT_RETAIN_SELF = YES;
				CLANG_WARN_OBJC_LITERAL_CONVERSION = YES;
				CLANG_WARN_OBJC_ROOT_CLASS = YES_ERROR;
				CLANG_WARN_QUOTED_INCLUDE_IN_FRAMEWORK_HEADER = YES;
				CLANG_WARN_RANGE_LOOP_ANALYSIS = YES;
				CLANG_WARN_STRICT_PROTOTYPES = YES;
				CLANG_WARN_SUSPICIOUS_MOVE = YES;
				CLANG_WARN_UNGUARDED_AVAILABILITY = YES_AGGRESSIVE;
				CLANG_WARN_UNREACHABLE_CODE = YES;
				CLANG_WARN__DUPLICATE_METHOD_MATCH = YES;
				COPY_PHASE_STRIP = NO;
				DEBUG_INFORMATION_FORMAT = dwarf;
				ENABLE_STRICT_OBJC_MSGSEND = YES;
				ENABLE_TESTABILITY = YES;
				GCC_C_LANGUAGE_STANDARD = gnu11;
				GCC_DYNAMIC_NO_PIC = NO;
				GCC_NO_COMMON_BLOCKS = YES;
				GCC_OPTIMIZATION_LEVEL = 0;
				GCC_PREPROCESSOR_DEFINITIONS = (
					"DEBUG=1",
					"$(inherited)",
				);
				GCC_WARN_64_TO_32_BIT_CONVERSION = YES;
				GCC_WARN_ABOUT_RETURN_TYPE = YES_ERROR;
				GCC_WARN_UNDECLARED_SELECTOR = YES;
				GCC_WARN_UNINITIALIZED_AUTOS = YES_AGGRESSIVE;
				GCC_WARN_UNUSED_FUNCTION = YES;
				GCC_WARN_UNUSED_VARIABLE = YES;
				MTL_ENABLE_DEBUG_INFO = INCLUDE_SOURCE;
				MTL_FAST_MATH = YES;
				ONLY_ACTIVE_ARCH = YES;
				SWIFT_ACTIVE_COMPILATION_CONDITIONS = DEBUG;
				SWIFT_OPTIMIZATION_LEVEL = "-Onone";
			};
			name = Debug;
		};
		43BD23BC2891DD6800D52266 /* Release */ = {
			isa = XCBuildConfiguration;
			buildSettings = {
				ALWAYS_SEARCH_USER_PATHS = NO;
				CLANG_ANALYZER_NONNULL = YES;
				CLANG_ANALYZER_NUMBER_OBJECT_CONVERSION = YES_AGGRESSIVE;
				CLANG_CXX_LANGUAGE_STANDARD = "gnu++17";
				CLANG_ENABLE_MODULES = YES;
				CLANG_ENABLE_OBJC_ARC = YES;
				CLANG_ENABLE_OBJC_WEAK = YES;
				CLANG_WARN_BLOCK_CAPTURE_AUTORELEASING = YES;
				CLANG_WARN_BOOL_CONVERSION = YES;
				CLANG_WARN_COMMA = YES;
				CLANG_WARN_CONSTANT_CONVERSION = YES;
				CLANG_WARN_DEPRECATED_OBJC_IMPLEMENTATIONS = YES;
				CLANG_WARN_DIRECT_OBJC_ISA_USAGE = YES_ERROR;
				CLANG_WARN_DOCUMENTATION_COMMENTS = YES;
				CLANG_WARN_EMPTY_BODY = YES;
				CLANG_WARN_ENUM_CONVERSION = YES;
				CLANG_WARN_INFINITE_RECURSION = YES;
				CLANG_WARN_INT_CONVERSION = YES;
				CLANG_WARN_NON_LITERAL_NULL_CONVERSION = YES;
				CLANG_WARN_OBJC_IMPLICIT_RETAIN_SELF = YES;
				CLANG_WARN_OBJC_LITERAL_CONVERSION = YES;
				CLANG_WARN_OBJC_ROOT_CLASS = YES_ERROR;
				CLANG_WARN_QUOTED_INCLUDE_IN_FRAMEWORK_HEADER = YES;
				CLANG_WARN_RANGE_LOOP_ANALYSIS = YES;
				CLANG_WARN_STRICT_PROTOTYPES = YES;
				CLANG_WARN_SUSPICIOUS_MOVE = YES;
				CLANG_WARN_UNGUARDED_AVAILABILITY = YES_AGGRESSIVE;
				CLANG_WARN_UNREACHABLE_CODE = YES;
				CLANG_WARN__DUPLICATE_METHOD_MATCH = YES;
				COPY_PHASE_STRIP = NO;
				DEBUG_INFORMATION_FORMAT = "dwarf-with-dsym";
				ENABLE_NS_ASSERTIONS = NO;
				ENABLE_STRICT_OBJC_MSGSEND = YES;
				GCC_C_LANGUAGE_STANDARD = gnu11;
				GCC_NO_COMMON_BLOCKS = YES;
				GCC_WARN_64_TO_32_BIT_CONVERSION = YES;
				GCC_WARN_ABOUT_RETURN_TYPE = YES_ERROR;
				GCC_WARN_UNDECLARED_SELECTOR = YES;
				GCC_WARN_UNINITIALIZED_AUTOS = YES_AGGRESSIVE;
				GCC_WARN_UNUSED_FUNCTION = YES;
				GCC_WARN_UNUSED_VARIABLE = YES;
				MTL_ENABLE_DEBUG_INFO = NO;
				MTL_FAST_MATH = YES;
				SWIFT_COMPILATION_MODE = wholemodule;
				SWIFT_OPTIMIZATION_LEVEL = "-O";
			};
			name = Release;
		};
		43BD23BE2891DD6800D52266 /* Debug */ = {
			isa = XCBuildConfiguration;
			buildSettings = {
				ASSETCATALOG_COMPILER_APPICON_NAME = AppIcon;
				ASSETCATALOG_COMPILER_GLOBAL_ACCENT_COLOR_NAME = AccentColor;
				CODE_SIGN_STYLE = Automatic;
				CURRENT_PROJECT_VERSION = 1;
				ENABLE_PREVIEWS = YES;
				GENERATE_INFOPLIST_FILE = YES;
				INFOPLIST_KEY_UIApplicationSceneManifest_Generation = YES;
				INFOPLIST_KEY_UIApplicationSupportsIndirectInputEvents = YES;
				INFOPLIST_KEY_UILaunchScreen_Generation = YES;
				INFOPLIST_KEY_UISupportedInterfaceOrientations_iPad = "UIInterfaceOrientationPortrait UIInterfaceOrientationPortraitUpsideDown UIInterfaceOrientationLandscapeLeft UIInterfaceOrientationLandscapeRight";
				INFOPLIST_KEY_UISupportedInterfaceOrientations_iPhone = "UIInterfaceOrientationPortrait UIInterfaceOrientationLandscapeLeft UIInterfaceOrientationLandscapeRight";
				IPHONEOS_DEPLOYMENT_TARGET = 16.6;
				LD_RUNPATH_SEARCH_PATHS = (
					"$(inherited)",
					"@executable_path/Frameworks",
				);
				MARKETING_VERSION = 1.0;
				PRODUCT_BUNDLE_IDENTIFIER = "umsl.SwiftUI-3-State-Interaction";
				PRODUCT_NAME = SwiftUI_3_State_Interaction;
				SDKROOT = iphoneos;
				SWIFT_EMIT_LOC_STRINGS = YES;
				SWIFT_VERSION = 5.0;
				TARGETED_DEVICE_FAMILY = "1,2";
			};
			name = Debug;
		};
		43BD23BF2891DD6800D52266 /* Release */ = {
			isa = XCBuildConfiguration;
			buildSettings = {
				ASSETCATALOG_COMPILER_APPICON_NAME = AppIcon;
				ASSETCATALOG_COMPILER_GLOBAL_ACCENT_COLOR_NAME = AccentColor;
				CODE_SIGN_STYLE = Automatic;
				CURRENT_PROJECT_VERSION = 1;
				ENABLE_PREVIEWS = YES;
				GENERATE_INFOPLIST_FILE = YES;
				INFOPLIST_KEY_UIApplicationSceneManifest_Generation = YES;
				INFOPLIST_KEY_UIApplicationSupportsIndirectInputEvents = YES;
				INFOPLIST_KEY_UILaunchScreen_Generation = YES;
				INFOPLIST_KEY_UISupportedInterfaceOrientations_iPad = "UIInterfaceOrientationPortrait UIInterfaceOrientationPortraitUpsideDown UIInterfaceOrientationLandscapeLeft UIInterfaceOrientationLandscapeRight";
				INFOPLIST_KEY_UISupportedInterfaceOrientations_iPhone = "UIInterfaceOrientationPortrait UIInterfaceOrientationLandscapeLeft UIInterfaceOrientationLandscapeRight";
				IPHONEOS_DEPLOYMENT_TARGET = 16.6;
				LD_RUNPATH_SEARCH_PATHS = (
					"$(inherited)",
					"@executable_path/Frameworks",
				);
				MARKETING_VERSION = 1.0;
				PRODUCT_BUNDLE_IDENTIFIER = "umsl.SwiftUI-3-State-Interaction";
				PRODUCT_NAME = SwiftUI_3_State_Interaction;
				SDKROOT = iphoneos;
				SWIFT_EMIT_LOC_STRINGS = YES;
				SWIFT_VERSION = 5.0;
				TARGETED_DEVICE_FAMILY = "1,2";
				VALIDATE_PRODUCT = YES;
			};
			name = Release;
		};
		43BD23C12891DD6800D52266 /* Debug */ = {
			isa = XCBuildConfiguration;
			buildSettings = {
				ASSETCATALOG_COMPILER_APPICON_NAME = AppIcon;
				ASSETCATALOG_COMPILER_GLOBAL_ACCENT_COLOR_NAME = AccentColor;
				CODE_SIGN_ENTITLEMENTS = macOS/macOS.entitlements;
				CODE_SIGN_STYLE = Automatic;
				COMBINE_HIDPI_IMAGES = YES;
				CURRENT_PROJECT_VERSION = 1;
				ENABLE_PREVIEWS = YES;
				GENERATE_INFOPLIST_FILE = YES;
				INFOPLIST_KEY_NSHumanReadableCopyright = "";
				LD_RUNPATH_SEARCH_PATHS = (
					"$(inherited)",
					"@executable_path/../Frameworks",
				);
				MACOSX_DEPLOYMENT_TARGET = 12.2;
				MARKETING_VERSION = 1.0;
				PRODUCT_BUNDLE_IDENTIFIER = "umsl.SwiftUI-3-State-Interaction";
				PRODUCT_NAME = SwiftUI_3_State_Interaction;
				SDKROOT = macosx;
				SWIFT_EMIT_LOC_STRINGS = YES;
				SWIFT_VERSION = 5.0;
			};
			name = Debug;
		};
		43BD23C22891DD6800D52266 /* Release */ = {
			isa = XCBuildConfiguration;
			buildSettings = {
				ASSETCATALOG_COMPILER_APPICON_NAME = AppIcon;
				ASSETCATALOG_COMPILER_GLOBAL_ACCENT_COLOR_NAME = AccentColor;
				CODE_SIGN_ENTITLEMENTS = macOS/macOS.entitlements;
				CODE_SIGN_STYLE = Automatic;
				COMBINE_HIDPI_IMAGES = YES;
				CURRENT_PROJECT_VERSION = 1;
				ENABLE_PREVIEWS = YES;
				GENERATE_INFOPLIST_FILE = YES;
				INFOPLIST_KEY_NSHumanReadableCopyright = "";
				LD_RUNPATH_SEARCH_PATHS = (
					"$(inherited)",
					"@executable_path/../Frameworks",
				);
				MACOSX_DEPLOYMENT_TARGET = 12.2;
				MARKETING_VERSION = 1.0;
				PRODUCT_BUNDLE_IDENTIFIER = "umsl.SwiftUI-3-State-Interaction";
				PRODUCT_NAME = SwiftUI_3_State_Interaction;
				SDKROOT = macosx;
				SWIFT_EMIT_LOC_STRINGS = YES;
				SWIFT_VERSION = 5.0;
			};
			name = Release;
		};
/* End XCBuildConfiguration section */

/* Begin XCConfigurationList section */
		43BD23A32891DD6700D52266 /* Build configuration list for PBXProject "SwiftUI_3_State_Interaction" */ = {
			isa = XCConfigurationList;
			buildConfigurations = (
				43BD23BB2891DD6800D52266 /* Debug */,
				43BD23BC2891DD6800D52266 /* Release */,
			);
			defaultConfigurationIsVisible = 0;
			defaultConfigurationName = Release;
		};
		43BD23BD2891DD6800D52266 /* Build configuration list for PBXNativeTarget "SwiftUI_3_State_Interaction (iOS)" */ = {
			isa = XCConfigurationList;
			buildConfigurations = (
				43BD23BE2891DD6800D52266 /* Debug */,
				43BD23BF2891DD6800D52266 /* Release */,
			);
			defaultConfigurationIsVisible = 0;
			defaultConfigurationName = Release;
		};
		43BD23C02891DD6800D52266 /* Build configuration list for PBXNativeTarget "SwiftUI_3_State_Interaction (macOS)" */ = {
			isa = XCConfigurationList;
			buildConfigurations = (
				43BD23C12891DD6800D52266 /* Debug */,
				43BD23C22891DD6800D52266 /* Release */,
			);
			defaultConfigurationIsVisible = 0;
			defaultConfigurationName = Release;
		};
/* End XCConfigurationList section */
	};
	rootObject = 43BD23A02891DD6700D52266 /* Project object */;
}
