// !$*UTF8*$!
{
	archiveVersion = 1;
	classes = {
	};
	objectVersion = 77;
	objects = {

/* Begin PBXBuildFile section */
		33BD580C2E2615630052543E /* model.swift in Sources */ = {isa = PBXBuildFile; fileRef = 33BD580B2E2615610052543E /* model.swift */; };
/* End PBXBuildFile section */

/* Begin PBXContainerItemProxy section */
		33BD57EE2E2615560052543E /* PBXContainerItemProxy */ = {
			isa = PBXContainerItemProxy;
			containerPortal = 33BD57CF2E2615540052543E /* Project object */;
			proxyType = 1;
			remoteGlobalIDString = 33BD57D62E2615540052543E;
			remoteInfo = "To-Do_List";
		};
		33BD57F82E2615560052543E /* PBXContainerItemProxy */ = {
			isa = PBXContainerItemProxy;
			containerPortal = 33BD57CF2E2615540052543E /* Project object */;
			proxyType = 1;
			remoteGlobalIDString = 33BD57D62E2615540052543E;
			remoteInfo = "To-Do_List";
		};
/* End PBXContainerItemProxy section */

/* Begin PBXFileReference section */
		33BD57D72E2615540052543E /* To-Do_List.app */ = {isa = PBXFileReference; explicitFileType = wrapper.application; includeInIndex = 0; path = "To-Do_List.app"; sourceTree = BUILT_PRODUCTS_DIR; };
		33BD57ED2E2615560052543E /* To-Do_ListTests.xctest */ = {isa = PBXFileReference; explicitFileType = wrapper.cfbundle; includeInIndex = 0; path = "To-Do_ListTests.xctest"; sourceTree = BUILT_PRODUCTS_DIR; };
		33BD57F72E2615560052543E /* To-Do_ListUITests.xctest */ = {isa = PBXFileReference; explicitFileType = wrapper.cfbundle; includeInIndex = 0; path = "To-Do_ListUITests.xctest"; sourceTree = BUILT_PRODUCTS_DIR; };
		33BD580B2E2615610052543E /* model.swift */ = {isa = PBXFileReference; lastKnownFileType = sourcecode.swift; path = model.swift; sourceTree = "<group>"; };
/* End PBXFileReference section */

/* Begin PBXFileSystemSynchronizedBuildFileExceptionSet section */
		33BD58622E26ECF20052543E /* Exceptions for "To-Do_List" folder in "To-Do_List" target */ = {
			isa = PBXFileSystemSynchronizedBuildFileExceptionSet;
			membershipExceptions = (
				AppDelegate.swift,
				SceneDelegate.swift,
				TaskListView.swift,
				ViewController.swift,
			);
			target = 33BD57D62E2615540052543E /* To-Do_List */;
		};
/* End PBXFileSystemSynchronizedBuildFileExceptionSet section */

/* Begin PBXFileSystemSynchronizedRootGroup section */
		33BD57F02E2615560052543E /* To-Do_ListTests */ = {
			isa = PBXFileSystemSynchronizedRootGroup;
			path = "To-Do_ListTests";
			sourceTree = "<group>";
		};
		33BD57FA2E2615560052543E /* To-Do_ListUITests */ = {
			isa = PBXFileSystemSynchronizedRootGroup;
			path = "To-Do_ListUITests";
			sourceTree = "<group>";
		};
		33BD58602E26EC9D0052543E /* To-Do_List */ = {
			isa = PBXFileSystemSynchronizedRootGroup;
			exceptions = (
				33BD58622E26ECF20052543E /* Exceptions for "To-Do_List" folder in "To-Do_List" target */,
			);
			path = "To-Do_List";
			sourceTree = "<group>";
		};
/* End PBXFileSystemSynchronizedRootGroup section */

/* Begin PBXFrameworksBuildPhase section */
		33BD57D42E2615540052543E /* Frameworks */ = {
			isa = PBXFrameworksBuildPhase;
			buildActionMask = 2147483647;
			files = (
			);
			runOnlyForDeploymentPostprocessing = 0;
		};
		33BD57EA2E2615560052543E /* Frameworks */ = {
			isa = PBXFrameworksBuildPhase;
			buildActionMask = 2147483647;
			files = (
			);
			runOnlyForDeploymentPostprocessing = 0;
		};
		33BD57F42E2615560052543E /* Frameworks */ = {
			isa = PBXFrameworksBuildPhase;
			buildActionMask = 2147483647;
			files = (
			);
			runOnlyForDeploymentPostprocessing = 0;
		};
/* End PBXFrameworksBuildPhase section */

/* Begin PBXGroup section */
		33BD57CE2E2615540052543E = {
			isa = PBXGroup;
			children = (
				33BD580B2E2615610052543E /* model.swift */,
				33BD58602E26EC9D0052543E /* To-Do_List */,
				33BD57F02E2615560052543E /* To-Do_ListTests */,
				33BD57FA2E2615560052543E /* To-Do_ListUITests */,
				33BD57D82E2615540052543E /* Products */,
			);
			sourceTree = "<group>";
		};
		33BD57D82E2615540052543E /* Products */ = {
			isa = PBXGroup;
			children = (
				33BD57D72E2615540052543E /* To-Do_List.app */,
				33BD57ED2E2615560052543E /* To-Do_ListTests.xctest */,
				33BD57F72E2615560052543E /* To-Do_ListUITests.xctest */,
			);
			name = Products;
			sourceTree = "<group>";
		};
/* End PBXGroup section */

/* Begin PBXNativeTarget section */
		33BD57D62E2615540052543E /* To-Do_List */ = {
			isa = PBXNativeTarget;
			buildConfigurationList = 33BD58002E2615560052543E /* Build configuration list for PBXNativeTarget "To-Do_List" */;
			buildPhases = (
				33BD57D32E2615540052543E /* Sources */,
				33BD57D42E2615540052543E /* Frameworks */,
				33BD57D52E2615540052543E /* Resources */,
			);
			buildRules = (
			);
			dependencies = (
			);
			name = "To-Do_List";
			packageProductDependencies = (
			);
			productName = "To-Do_List";
			productReference = 33BD57D72E2615540052543E /* To-Do_List.app */;
			productType = "com.apple.product-type.application";
		};
		33BD57EC2E2615560052543E /* To-Do_ListTests */ = {
			isa = PBXNativeTarget;
			buildConfigurationList = 33BD58052E2615560052543E /* Build configuration list for PBXNativeTarget "To-Do_ListTests" */;
			buildPhases = (
				33BD57E92E2615560052543E /* Sources */,
				33BD57EA2E2615560052543E /* Frameworks */,
				33BD57EB2E2615560052543E /* Resources */,
			);
			buildRules = (
			);
			dependencies = (
				33BD57EF2E2615560052543E /* PBXTargetDependency */,
			);
			fileSystemSynchronizedGroups = (
				33BD57F02E2615560052543E /* To-Do_ListTests */,
			);
			name = "To-Do_ListTests";
			packageProductDependencies = (
			);
			productName = "To-Do_ListTests";
			productReference = 33BD57ED2E2615560052543E /* To-Do_ListTests.xctest */;
			productType = "com.apple.product-type.bundle.unit-test";
		};
		33BD57F62E2615560052543E /* To-Do_ListUITests */ = {
			isa = PBXNativeTarget;
			buildConfigurationList = 33BD58082E2615560052543E /* Build configuration list for PBXNativeTarget "To-Do_ListUITests" */;
			buildPhases = (
				33BD57F32E2615560052543E /* Sources */,
				33BD57F42E2615560052543E /* Frameworks */,
				33BD57F52E2615560052543E /* Resources */,
			);
			buildRules = (
			);
			dependencies = (
				33BD57F92E2615560052543E /* PBXTargetDependency */,
			);
			fileSystemSynchronizedGroups = (
				33BD57FA2E2615560052543E /* To-Do_ListUITests */,
			);
			name = "To-Do_ListUITests";
			packageProductDependencies = (
			);
			productName = "To-Do_ListUITests";
			productReference = 33BD57F72E2615560052543E /* To-Do_ListUITests.xctest */;
			productType = "com.apple.product-type.bundle.ui-testing";
		};
/* End PBXNativeTarget section */

/* Begin PBXProject section */
		33BD57CF2E2615540052543E /* Project object */ = {
			isa = PBXProject;
			attributes = {
				BuildIndependentTargetsInParallel = 1;
				LastSwiftUpdateCheck = 1640;
				LastUpgradeCheck = 1640;
				TargetAttributes = {
					33BD57D62E2615540052543E = {
						CreatedOnToolsVersion = 16.4;
					};
					33BD57EC2E2615560052543E = {
						CreatedOnToolsVersion = 16.4;
						TestTargetID = 33BD57D62E2615540052543E;
					};
					33BD57F62E2615560052543E = {
						CreatedOnToolsVersion = 16.4;
						TestTargetID = 33BD57D62E2615540052543E;
					};
				};
			};
			buildConfigurationList = 33BD57D22E2615540052543E /* Build configuration list for PBXProject "To-Do_List" */;
			developmentRegion = en;
			hasScannedForEncodings = 0;
			knownRegions = (
				en,
				Base,
			);
			mainGroup = 33BD57CE2E2615540052543E;
			minimizedProjectReferenceProxies = 1;
			preferredProjectObjectVersion = 77;
			productRefGroup = 33BD57D82E2615540052543E /* Products */;
			projectDirPath = "";
			projectRoot = "";
			targets = (
				33BD57D62E2615540052543E /* To-Do_List */,
				33BD57EC2E2615560052543E /* To-Do_ListTests */,
				33BD57F62E2615560052543E /* To-Do_ListUITests */,
			);
		};
/* End PBXProject section */

/* Begin PBXResourcesBuildPhase section */
		33BD57D52E2615540052543E /* Resources */ = {
			isa = PBXResourcesBuildPhase;
			buildActionMask = 2147483647;
			files = (
			);
			runOnlyForDeploymentPostprocessing = 0;
		};
		33BD57EB2E2615560052543E /* Resources */ = {
			isa = PBXResourcesBuildPhase;
			buildActionMask = 2147483647;
			files = (
			);
			runOnlyForDeploymentPostprocessing = 0;
		};
		33BD57F52E2615560052543E /* Resources */ = {
			isa = PBXResourcesBuildPhase;
			buildActionMask = 2147483647;
			files = (
			);
			runOnlyForDeploymentPostprocessing = 0;
		};
/* End PBXResourcesBuildPhase section */

/* Begin PBXSourcesBuildPhase section */
		33BD57D32E2615540052543E /* Sources */ = {
			isa = PBXSourcesBuildPhase;
			buildActionMask = 2147483647;
			files = (
				33BD580C2E2615630052543E /* model.swift in Sources */,
			);
			runOnlyForDeploymentPostprocessing = 0;
		};
		33BD57E92E2615560052543E /* Sources */ = {
			isa = PBXSourcesBuildPhase;
			buildActionMask = 2147483647;
			files = (
			);
			runOnlyForDeploymentPostprocessing = 0;
		};
		33BD57F32E2615560052543E /* Sources */ = {
			isa = PBXSourcesBuildPhase;
			buildActionMask = 2147483647;
			files = (
			);
			runOnlyForDeploymentPostprocessing = 0;
		};
/* End PBXSourcesBuildPhase section */

/* Begin PBXTargetDependency section */
		33BD57EF2E2615560052543E /* PBXTargetDependency */ = {
			isa = PBXTargetDependency;
			target = 33BD57D62E2615540052543E /* To-Do_List */;
			targetProxy = 33BD57EE2E2615560052543E /* PBXContainerItemProxy */;
		};
		33BD57F92E2615560052543E /* PBXTargetDependency */ = {
			isa = PBXTargetDependency;
			target = 33BD57D62E2615540052543E /* To-Do_List */;
			targetProxy = 33BD57F82E2615560052543E /* PBXContainerItemProxy */;
		};
/* End PBXTargetDependency section */

/* Begin XCBuildConfiguration section */
		33BD58012E2615560052543E /* Debug */ = {
			isa = XCBuildConfiguration;
			buildSettings = {
				ASSETCATALOG_COMPILER_APPICON_NAME = AppIcon;
				ASSETCATALOG_COMPILER_GLOBAL_ACCENT_COLOR_NAME = AccentColor;
				CODE_SIGN_STYLE = Automatic;
				CURRENT_PROJECT_VERSION = 1;
				GENERATE_INFOPLIST_FILE = YES;
				INFOPLIST_FILE = "To-Do_List/Info.plist";
				INFOPLIST_KEY_UIApplicationSupportsIndirectInputEvents = YES;
				INFOPLIST_KEY_UISupportedInterfaceOrientations_iPad = "UIInterfaceOrientationPortrait UIInterfaceOrientationPortraitUpsideDown UIInterfaceOrientationLandscapeLeft UIInterfaceOrientationLandscapeRight";
				INFOPLIST_KEY_UISupportedInterfaceOrientations_iPhone = "UIInterfaceOrientationPortrait UIInterfaceOrientationLandscapeLeft UIInterfaceOrientationLandscapeRight";
				LD_RUNPATH_SEARCH_PATHS = (
					"$(inherited)",
					"@executable_path/Frameworks",
				);
				MARKETING_VERSION = 1.0;
				PRODUCT_BUNDLE_IDENTIFIER = "UMSL.To-Do-List";
				PRODUCT_NAME = "$(TARGET_NAME)";
				SWIFT_EMIT_LOC_STRINGS = YES;
				SWIFT_VERSION = 5.0;
				TARGETED_DEVICE_FAMILY = "1,2";
			};
			name = Debug;
		};
		33BD58022E2615560052543E /* Release */ = {
			isa = XCBuildConfiguration;
			buildSettings = {
				ASSETCATALOG_COMPILER_APPICON_NAME = AppIcon;
				ASSETCATALOG_COMPILER_GLOBAL_ACCENT_COLOR_NAME = AccentColor;
				CODE_SIGN_STYLE = Automatic;
				CURRENT_PROJECT_VERSION = 1;
				GENERATE_INFOPLIST_FILE = YES;
				INFOPLIST_FILE = "To-Do_List/Info.plist";
				INFOPLIST_KEY_UIApplicationSupportsIndirectInputEvents = YES;
				INFOPLIST_KEY_UISupportedInterfaceOrientations_iPad = "UIInterfaceOrientationPortrait UIInterfaceOrientationPortraitUpsideDown UIInterfaceOrientationLandscapeLeft UIInterfaceOrientationLandscapeRight";
				INFOPLIST_KEY_UISupportedInterfaceOrientations_iPhone = "UIInterfaceOrientationPortrait UIInterfaceOrientationLandscapeLeft UIInterfaceOrientationLandscapeRight";
				LD_RUNPATH_SEARCH_PATHS = (
					"$(inherited)",
					"@executable_path/Frameworks",
				);
				MARKETING_VERSION = 1.0;
				PRODUCT_BUNDLE_IDENTIFIER = "UMSL.To-Do-List";
				PRODUCT_NAME = "$(TARGET_NAME)";
				SWIFT_EMIT_LOC_STRINGS = YES;
				SWIFT_VERSION = 5.0;
				TARGETED_DEVICE_FAMILY = "1,2";
			};
			name = Release;
		};
		33BD58032E2615560052543E /* Debug */ = {
			isa = XCBuildConfiguration;
			buildSettings = {
				ALWAYS_SEARCH_USER_PATHS = NO;
				ASSETCATALOG_COMPILER_GENERATE_SWIFT_ASSET_SYMBOL_EXTENSIONS = YES;
				CLANG_ANALYZER_NONNULL = YES;
				CLANG_ANALYZER_NUMBER_OBJECT_CONVERSION = YES_AGGRESSIVE;
				CLANG_CXX_LANGUAGE_STANDARD = "gnu++20";
				CLANG_ENABLE_MODULES = YES;
				CLANG_ENABLE_OBJC_ARC = YES;
				CLANG_ENABLE_OBJC_WEAK = YES;
				CLANG_WARN_BLOCK_CAPTURE_AUTORELEASING = YES;
				CLANG_WARN_BOOL_CONVERSION = YES;
				CLANG_WARN_COMMA = YES;
				CLANG_WARN_CONSTANT_CONVERSION = YES;
				CLANG_WARN_DEPRECATED_OBJC_IMPLEMENTATIONS = YES;
				CLANG_WARN_DIRECT_OBJC_ISA_USAGE = YES_ERROR;
				CLANG_WARN_DOCUMENTATION_COMMENTS = YES;
				CLANG_WARN_EMPTY_BODY = YES;
				CLANG_WARN_ENUM_CONVERSION = YES;
				CLANG_WARN_INFINITE_RECURSION = YES;
				CLANG_WARN_INT_CONVERSION = YES;
				CLANG_WARN_NON_LITERAL_NULL_CONVERSION = YES;
				CLANG_WARN_OBJC_IMPLICIT_RETAIN_SELF = YES;
				CLANG_WARN_OBJC_LITERAL_CONVERSION = YES;
				CLANG_WARN_OBJC_ROOT_CLASS = YES_ERROR;
				CLANG_WARN_QUOTED_INCLUDE_IN_FRAMEWORK_HEADER = YES;
				CLANG_WARN_RANGE_LOOP_ANALYSIS = YES;
				CLANG_WARN_STRICT_PROTOTYPES = YES;
				CLANG_WARN_SUSPICIOUS_MOVE = YES;
				CLANG_WARN_UNGUARDED_AVAILABILITY = YES_AGGRESSIVE;
				CLANG_WARN_UNREACHABLE_CODE = YES;
				CLANG_WARN__DUPLICATE_METHOD_MATCH = YES;
				COPY_PHASE_STRIP = NO;
				DEBUG_INFORMATION_FORMAT = dwarf;
				ENABLE_STRICT_OBJC_MSGSEND = YES;
				ENABLE_TESTABILITY = YES;
				ENABLE_USER_SCRIPT_SANDBOXING = YES;
				GCC_C_LANGUAGE_STANDARD = gnu17;
				GCC_DYNAMIC_NO_PIC = NO;
				GCC_NO_COMMON_BLOCKS = YES;
				GCC_OPTIMIZATION_LEVEL = 0;
				GCC_PREPROCESSOR_DEFINITIONS = (
					"DEBUG=1",
					"$(inherited)",
				);
				GCC_WARN_64_TO_32_BIT_CONVERSION = YES;
				GCC_WARN_ABOUT_RETURN_TYPE = YES_ERROR;
				GCC_WARN_UNDECLARED_SELECTOR = YES;
				GCC_WARN_UNINITIALIZED_AUTOS = YES_AGGRESSIVE;
				GCC_WARN_UNUSED_FUNCTION = YES;
				GCC_WARN_UNUSED_VARIABLE = YES;
				IPHONEOS_DEPLOYMENT_TARGET = 18.5;
				LOCALIZATION_PREFERS_STRING_CATALOGS = YES;
				MTL_ENABLE_DEBUG_INFO = INCLUDE_SOURCE;
				MTL_FAST_MATH = YES;
				ONLY_ACTIVE_ARCH = YES;
				SDKROOT = iphoneos;
				SWIFT_ACTIVE_COMPILATION_CONDITIONS = "DEBUG $(inherited)";
				SWIFT_OPTIMIZATION_LEVEL = "-Onone";
			};
			name = Debug;
		};
		33BD58042E2615560052543E /* Release */ = {
			isa = XCBuildConfiguration;
			buildSettings = {
				ALWAYS_SEARCH_USER_PATHS = NO;
				ASSETCATALOG_COMPILER_GENERATE_SWIFT_ASSET_SYMBOL_EXTENSIONS = YES;
				CLANG_ANALYZER_NONNULL = YES;
				CLANG_ANALYZER_NUMBER_OBJECT_CONVERSION = YES_AGGRESSIVE;
				CLANG_CXX_LANGUAGE_STANDARD = "gnu++20";
				CLANG_ENABLE_MODULES = YES;
				CLANG_ENABLE_OBJC_ARC = YES;
				CLANG_ENABLE_OBJC_WEAK = YES;
				CLANG_WARN_BLOCK_CAPTURE_AUTORELEASING = YES;
				CLANG_WARN_BOOL_CONVERSION = YES;
				CLANG_WARN_COMMA = YES;
				CLANG_WARN_CONSTANT_CONVERSION = YES;
				CLANG_WARN_DEPRECATED_OBJC_IMPLEMENTATIONS = YES;
				CLANG_WARN_DIRECT_OBJC_ISA_USAGE = YES_ERROR;
				CLANG_WARN_DOCUMENTATION_COMMENTS = YES;
				CLANG_WARN_EMPTY_BODY = YES;
				CLANG_WARN_ENUM_CONVERSION = YES;
				CLANG_WARN_INFINITE_RECURSION = YES;
				CLANG_WARN_INT_CONVERSION = YES;
				CLANG_WARN_NON_LITERAL_NULL_CONVERSION = YES;
				CLANG_WARN_OBJC_IMPLICIT_RETAIN_SELF = YES;
				CLANG_WARN_OBJC_LITERAL_CONVERSION = YES;
				CLANG_WARN_OBJC_ROOT_CLASS = YES_ERROR;
				CLANG_WARN_QUOTED_INCLUDE_IN_FRAMEWORK_HEADER = YES;
				CLANG_WARN_RANGE_LOOP_ANALYSIS = YES;
				CLANG_WARN_STRICT_PROTOTYPES = YES;
				CLANG_WARN_SUSPICIOUS_MOVE = YES;
				CLANG_WARN_UNGUARDED_AVAILABILITY = YES_AGGRESSIVE;
				CLANG_WARN_UNREACHABLE_CODE = YES;
				CLANG_WARN__DUPLICATE_METHOD_MATCH = YES;
				COPY_PHASE_STRIP = NO;
				DEBUG_INFORMATION_FORMAT = "dwarf-with-dsym";
				ENABLE_NS_ASSERTIONS = NO;
				ENABLE_STRICT_OBJC_MSGSEND = YES;
				ENABLE_USER_SCRIPT_SANDBOXING = YES;
				GCC_C_LANGUAGE_STANDARD = gnu17;
				GCC_NO_COMMON_BLOCKS = YES;
				GCC_WARN_64_TO_32_BIT_CONVERSION = YES;
				GCC_WARN_ABOUT_RETURN_TYPE = YES_ERROR;
				GCC_WARN_UNDECLARED_SELECTOR = YES;
				GCC_WARN_UNINITIALIZED_AUTOS = YES_AGGRESSIVE;
				GCC_WARN_UNUSED_FUNCTION = YES;
				GCC_WARN_UNUSED_VARIABLE = YES;
				IPHONEOS_DEPLOYMENT_TARGET = 18.5;
				LOCALIZATION_PREFERS_STRING_CATALOGS = YES;
				MTL_ENABLE_DEBUG_INFO = NO;
				MTL_FAST_MATH = YES;
				SDKROOT = iphoneos;
				SWIFT_COMPILATION_MODE = wholemodule;
				VALIDATE_PRODUCT = YES;
			};
			name = Release;
		};
		33BD58062E2615560052543E /* Debug */ = {
			isa = XCBuildConfiguration;
			buildSettings = {
				BUNDLE_LOADER = "$(TEST_HOST)";
				CODE_SIGN_STYLE = Automatic;
				CURRENT_PROJECT_VERSION = 1;
				GENERATE_INFOPLIST_FILE = YES;
				IPHONEOS_DEPLOYMENT_TARGET = 18.5;
				MARKETING_VERSION = 1.0;
				PRODUCT_BUNDLE_IDENTIFIER = "UMSL.To-Do-ListTests";
				PRODUCT_NAME = "$(TARGET_NAME)";
				SWIFT_EMIT_LOC_STRINGS = NO;
				SWIFT_VERSION = 5.0;
				TARGETED_DEVICE_FAMILY = "1,2";
				TEST_HOST = "$(BUILT_PRODUCTS_DIR)/To-Do_List.app/$(BUNDLE_EXECUTABLE_FOLDER_PATH)/To-Do_List";
			};
			name = Debug;
		};
		33BD58072E2615560052543E /* Release */ = {
			isa = XCBuildConfiguration;
			buildSettings = {
				BUNDLE_LOADER = "$(TEST_HOST)";
				CODE_SIGN_STYLE = Automatic;
				CURRENT_PROJECT_VERSION = 1;
				GENERATE_INFOPLIST_FILE = YES;
				IPHONEOS_DEPLOYMENT_TARGET = 18.5;
				MARKETING_VERSION = 1.0;
				PRODUCT_BUNDLE_IDENTIFIER = "UMSL.To-Do-ListTests";
				PRODUCT_NAME = "$(TARGET_NAME)";
				SWIFT_EMIT_LOC_STRINGS = NO;
				SWIFT_VERSION = 5.0;
				TARGETED_DEVICE_FAMILY = "1,2";
				TEST_HOST = "$(BUILT_PRODUCTS_DIR)/To-Do_List.app/$(BUNDLE_EXECUTABLE_FOLDER_PATH)/To-Do_List";
			};
			name = Release;
		};
		33BD58092E2615560052543E /* Debug */ = {
			isa = XCBuildConfiguration;
			buildSettings = {
				CODE_SIGN_STYLE = Automatic;
				CURRENT_PROJECT_VERSION = 1;
				GENERATE_INFOPLIST_FILE = YES;
				MARKETING_VERSION = 1.0;
				PRODUCT_BUNDLE_IDENTIFIER = "UMSL.To-Do-ListUITests";
				PRODUCT_NAME = "$(TARGET_NAME)";
				SWIFT_EMIT_LOC_STRINGS = NO;
				SWIFT_VERSION = 5.0;
				TARGETED_DEVICE_FAMILY = "1,2";
				TEST_TARGET_NAME = "To-Do_List";
			};
			name = Debug;
		};
		33BD580A2E2615560052543E /* Release */ = {
			isa = XCBuildConfiguration;
			buildSettings = {
				CODE_SIGN_STYLE = Automatic;
				CURRENT_PROJECT_VERSION = 1;
				GENERATE_INFOPLIST_FILE = YES;
				MARKETING_VERSION = 1.0;
				PRODUCT_BUNDLE_IDENTIFIER = "UMSL.To-Do-ListUITests";
				PRODUCT_NAME = "$(TARGET_NAME)";
				SWIFT_EMIT_LOC_STRINGS = NO;
				SWIFT_VERSION = 5.0;
				TARGETED_DEVICE_FAMILY = "1,2";
				TEST_TARGET_NAME = "To-Do_List";
			};
			name = Release;
		};
/* End XCBuildConfiguration section */

/* Begin XCConfigurationList section */
		33BD57D22E2615540052543E /* Build configuration list for PBXProject "To-Do_List" */ = {
			isa = XCConfigurationList;
			buildConfigurations = (
				33BD58032E2615560052543E /* Debug */,
				33BD58042E2615560052543E /* Release */,
			);
			defaultConfigurationIsVisible = 0;
			defaultConfigurationName = Release;
		};
		33BD58002E2615560052543E /* Build configuration list for PBXNativeTarget "To-Do_List" */ = {
			isa = XCConfigurationList;
			buildConfigurations = (
				33BD58012E2615560052543E /* Debug */,
				33BD58022E2615560052543E /* Release */,
			);
			defaultConfigurationIsVisible = 0;
			defaultConfigurationName = Release;
		};
		33BD58052E2615560052543E /* Build configuration list for PBXNativeTarget "To-Do_ListTests" */ = {
			isa = XCConfigurationList;
			buildConfigurations = (
				33BD58062E2615560052543E /* Debug */,
				33BD58072E2615560052543E /* Release */,
			);
			defaultConfigurationIsVisible = 0;
			defaultConfigurationName = Release;
		};
		33BD58082E2615560052543E /* Build configuration list for PBXNativeTarget "To-Do_ListUITests" */ = {
			isa = XCConfigurationList;
			buildConfigurations = (
				33BD58092E2615560052543E /* Debug */,
				33BD580A2E2615560052543E /* Release */,
			);
			defaultConfigurationIsVisible = 0;
			defaultConfigurationName = Release;
		};
/* End XCConfigurationList section */
	};
	rootObject = 33BD57CF2E2615540052543E /* Project object */;
}
