// !$*UTF8*$!
{
	archiveVersion = 1;
	classes = {
	};
	objectVersion = 77;
	objects = {

/* Begin PBXContainerItemProxy section */
		333B768F2E126A1200A2F1D7 /* PBXContainerItemProxy */ = {
			isa = PBXContainerItemProxy;
			containerPortal = 333B76702E126A1000A2F1D7 /* Project object */;
			proxyType = 1;
			remoteGlobalIDString = 333B76772E126A1000A2F1D7;
			remoteInfo = calculator2;
		};
		333B76992E126A1200A2F1D7 /* PBXContainerItemProxy */ = {
			isa = PBXContainerItemProxy;
			containerPortal = 333B76702E126A1000A2F1D7 /* Project object */;
			proxyType = 1;
			remoteGlobalIDString = 333B76772E126A1000A2F1D7;
			remoteInfo = calculator2;
		};
/* End PBXContainerItemProxy section */

/* Begin PBXFileReference section */
		333B76782E126A1000A2F1D7 /* calculator2.app */ = {isa = PBXFileReference; explicitFileType = wrapper.application; includeInIndex = 0; path = calculator2.app; sourceTree = BUILT_PRODUCTS_DIR; };
		333B768E2E126A1200A2F1D7 /* calculator2Tests.xctest */ = {isa = PBXFileReference; explicitFileType = wrapper.cfbundle; includeInIndex = 0; path = calculator2Tests.xctest; sourceTree = BUILT_PRODUCTS_DIR; };
		333B76982E126A1200A2F1D7 /* calculator2UITests.xctest */ = {isa = PBXFileReference; explicitFileType = wrapper.cfbundle; includeInIndex = 0; path = calculator2UITests.xctest; sourceTree = BUILT_PRODUCTS_DIR; };
/* End PBXFileReference section */

/* Begin PBXFileSystemSynchronizedBuildFileExceptionSet section */
		333B76A02E126A1200A2F1D7 /* Exceptions for "calculator2" folder in "calculator2" target */ = {
			isa = PBXFileSystemSynchronizedBuildFileExceptionSet;
			membershipExceptions = (
				Info.plist,
			);
			target = 333B76772E126A1000A2F1D7 /* calculator2 */;
		};
/* End PBXFileSystemSynchronizedBuildFileExceptionSet section */

/* Begin PBXFileSystemSynchronizedRootGroup section */
		333B767A2E126A1000A2F1D7 /* calculator2 */ = {
			isa = PBXFileSystemSynchronizedRootGroup;
			exceptions = (
				333B76A02E126A1200A2F1D7 /* Exceptions for "calculator2" folder in "calculator2" target */,
			);
			path = calculator2;
			sourceTree = "<group>";
		};
		333B76912E126A1200A2F1D7 /* calculator2Tests */ = {
			isa = PBXFileSystemSynchronizedRootGroup;
			path = calculator2Tests;
			sourceTree = "<group>";
		};
		333B769B2E126A1200A2F1D7 /* calculator2UITests */ = {
			isa = PBXFileSystemSynchronizedRootGroup;
			path = calculator2UITests;
			sourceTree = "<group>";
		};
/* End PBXFileSystemSynchronizedRootGroup section */

/* Begin PBXFrameworksBuildPhase section */
		333B76752E126A1000A2F1D7 /* Frameworks */ = {
			isa = PBXFrameworksBuildPhase;
			buildActionMask = 2147483647;
			files = (
			);
			runOnlyForDeploymentPostprocessing = 0;
		};
		333B768B2E126A1200A2F1D7 /* Frameworks */ = {
			isa = PBXFrameworksBuildPhase;
			buildActionMask = 2147483647;
			files = (
			);
			runOnlyForDeploymentPostprocessing = 0;
		};
		333B76952E126A1200A2F1D7 /* Frameworks */ = {
			isa = PBXFrameworksBuildPhase;
			buildActionMask = 2147483647;
			files = (
			);
			runOnlyForDeploymentPostprocessing = 0;
		};
/* End PBXFrameworksBuildPhase section */

/* Begin PBXGroup section */
		333B766F2E126A1000A2F1D7 = {
			isa = PBXGroup;
			children = (
				333B767A2E126A1000A2F1D7 /* calculator2 */,
				333B76912E126A1200A2F1D7 /* calculator2Tests */,
				333B769B2E126A1200A2F1D7 /* calculator2UITests */,
				333B76792E126A1000A2F1D7 /* Products */,
			);
			sourceTree = "<group>";
		};
		333B76792E126A1000A2F1D7 /* Products */ = {
			isa = PBXGroup;
			children = (
				333B76782E126A1000A2F1D7 /* calculator2.app */,
				333B768E2E126A1200A2F1D7 /* calculator2Tests.xctest */,
				333B76982E126A1200A2F1D7 /* calculator2UITests.xctest */,
			);
			name = Products;
			sourceTree = "<group>";
		};
/* End PBXGroup section */

/* Begin PBXNativeTarget section */
		333B76772E126A1000A2F1D7 /* calculator2 */ = {
			isa = PBXNativeTarget;
			buildConfigurationList = 333B76A12E126A1200A2F1D7 /* Build configuration list for PBXNativeTarget "calculator2" */;
			buildPhases = (
				333B76742E126A1000A2F1D7 /* Sources */,
				333B76752E126A1000A2F1D7 /* Frameworks */,
				333B76762E126A1000A2F1D7 /* Resources */,
			);
			buildRules = (
			);
			dependencies = (
			);
			fileSystemSynchronizedGroups = (
				333B767A2E126A1000A2F1D7 /* calculator2 */,
			);
			name = calculator2;
			packageProductDependencies = (
			);
			productName = calculator2;
			productReference = 333B76782E126A1000A2F1D7 /* calculator2.app */;
			productType = "com.apple.product-type.application";
		};
		333B768D2E126A1200A2F1D7 /* calculator2Tests */ = {
			isa = PBXNativeTarget;
			buildConfigurationList = 333B76A62E126A1200A2F1D7 /* Build configuration list for PBXNativeTarget "calculator2Tests" */;
			buildPhases = (
				333B768A2E126A1200A2F1D7 /* Sources */,
				333B768B2E126A1200A2F1D7 /* Frameworks */,
				333B768C2E126A1200A2F1D7 /* Resources */,
			);
			buildRules = (
			);
			dependencies = (
				333B76902E126A1200A2F1D7 /* PBXTargetDependency */,
			);
			fileSystemSynchronizedGroups = (
				333B76912E126A1200A2F1D7 /* calculator2Tests */,
			);
			name = calculator2Tests;
			packageProductDependencies = (
			);
			productName = calculator2Tests;
			productReference = 333B768E2E126A1200A2F1D7 /* calculator2Tests.xctest */;
			productType = "com.apple.product-type.bundle.unit-test";
		};
		333B76972E126A1200A2F1D7 /* calculator2UITests */ = {
			isa = PBXNativeTarget;
			buildConfigurationList = 333B76A92E126A1200A2F1D7 /* Build configuration list for PBXNativeTarget "calculator2UITests" */;
			buildPhases = (
				333B76942E126A1200A2F1D7 /* Sources */,
				333B76952E126A1200A2F1D7 /* Frameworks */,
				333B76962E126A1200A2F1D7 /* Resources */,
			);
			buildRules = (
			);
			dependencies = (
				333B769A2E126A1200A2F1D7 /* PBXTargetDependency */,
			);
			fileSystemSynchronizedGroups = (
				333B769B2E126A1200A2F1D7 /* calculator2UITests */,
			);
			name = calculator2UITests;
			packageProductDependencies = (
			);
			productName = calculator2UITests;
			productReference = 333B76982E126A1200A2F1D7 /* calculator2UITests.xctest */;
			productType = "com.apple.product-type.bundle.ui-testing";
		};
/* End PBXNativeTarget section */

/* Begin PBXProject section */
		333B76702E126A1000A2F1D7 /* Project object */ = {
			isa = PBXProject;
			attributes = {
				BuildIndependentTargetsInParallel = 1;
				LastSwiftUpdateCheck = 1630;
				LastUpgradeCheck = 1630;
				TargetAttributes = {
					333B76772E126A1000A2F1D7 = {
						CreatedOnToolsVersion = 16.3;
					};
					333B768D2E126A1200A2F1D7 = {
						CreatedOnToolsVersion = 16.3;
						TestTargetID = 333B76772E126A1000A2F1D7;
					};
					333B76972E126A1200A2F1D7 = {
						CreatedOnToolsVersion = 16.3;
						TestTargetID = 333B76772E126A1000A2F1D7;
					};
				};
			};
			buildConfigurationList = 333B76732E126A1000A2F1D7 /* Build configuration list for PBXProject "calculator2" */;
			developmentRegion = en;
			hasScannedForEncodings = 0;
			knownRegions = (
				en,
				Base,
			);
			mainGroup = 333B766F2E126A1000A2F1D7;
			minimizedProjectReferenceProxies = 1;
			preferredProjectObjectVersion = 77;
			productRefGroup = 333B76792E126A1000A2F1D7 /* Products */;
			projectDirPath = "";
			projectRoot = "";
			targets = (
				333B76772E126A1000A2F1D7 /* calculator2 */,
				333B768D2E126A1200A2F1D7 /* calculator2Tests */,
				333B76972E126A1200A2F1D7 /* calculator2UITests */,
			);
		};
/* End PBXProject section */

/* Begin PBXResourcesBuildPhase section */
		333B76762E126A1000A2F1D7 /* Resources */ = {
			isa = PBXResourcesBuildPhase;
			buildActionMask = 2147483647;
			files = (
			);
			runOnlyForDeploymentPostprocessing = 0;
		};
		333B768C2E126A1200A2F1D7 /* Resources */ = {
			isa = PBXResourcesBuildPhase;
			buildActionMask = 2147483647;
			files = (
			);
			runOnlyForDeploymentPostprocessing = 0;
		};
		333B76962E126A1200A2F1D7 /* Resources */ = {
			isa = PBXResourcesBuildPhase;
			buildActionMask = 2147483647;
			files = (
			);
			runOnlyForDeploymentPostprocessing = 0;
		};
/* End PBXResourcesBuildPhase section */

/* Begin PBXSourcesBuildPhase section */
		333B76742E126A1000A2F1D7 /* Sources */ = {
			isa = PBXSourcesBuildPhase;
			buildActionMask = 2147483647;
			files = (
			);
			runOnlyForDeploymentPostprocessing = 0;
		};
		333B768A2E126A1200A2F1D7 /* Sources */ = {
			isa = PBXSourcesBuildPhase;
			buildActionMask = 2147483647;
			files = (
			);
			runOnlyForDeploymentPostprocessing = 0;
		};
		333B76942E126A1200A2F1D7 /* Sources */ = {
			isa = PBXSourcesBuildPhase;
			buildActionMask = 2147483647;
			files = (
			);
			runOnlyForDeploymentPostprocessing = 0;
		};
/* End PBXSourcesBuildPhase section */

/* Begin PBXTargetDependency section */
		333B76902E126A1200A2F1D7 /* PBXTargetDependency */ = {
			isa = PBXTargetDependency;
			target = 333B76772E126A1000A2F1D7 /* calculator2 */;
			targetProxy = 333B768F2E126A1200A2F1D7 /* PBXContainerItemProxy */;
		};
		333B769A2E126A1200A2F1D7 /* PBXTargetDependency */ = {
			isa = PBXTargetDependency;
			target = 333B76772E126A1000A2F1D7 /* calculator2 */;
			targetProxy = 333B76992E126A1200A2F1D7 /* PBXContainerItemProxy */;
		};
/* End PBXTargetDependency section */

/* Begin XCBuildConfiguration section */
		333B76A22E126A1200A2F1D7 /* Debug */ = {
			isa = XCBuildConfiguration;
			buildSettings = {
				ASSETCATALOG_COMPILER_APPICON_NAME = AppIcon;
				ASSETCATALOG_COMPILER_GLOBAL_ACCENT_COLOR_NAME = AccentColor;
				CODE_SIGN_STYLE = Automatic;
				CURRENT_PROJECT_VERSION = 1;
				GENERATE_INFOPLIST_FILE = YES;
				INFOPLIST_FILE = calculator2/Info.plist;
				INFOPLIST_KEY_UIApplicationSupportsIndirectInputEvents = YES;
				INFOPLIST_KEY_UILaunchStoryboardName = LaunchScreen;
				INFOPLIST_KEY_UIMainStoryboardFile = Main;
				INFOPLIST_KEY_UISupportedInterfaceOrientations_iPad = "UIInterfaceOrientationPortrait UIInterfaceOrientationPortraitUpsideDown UIInterfaceOrientationLandscapeLeft UIInterfaceOrientationLandscapeRight";
				INFOPLIST_KEY_UISupportedInterfaceOrientations_iPhone = "UIInterfaceOrientationPortrait UIInterfaceOrientationLandscapeLeft UIInterfaceOrientationLandscapeRight";
				LD_RUNPATH_SEARCH_PATHS = (
					"$(inherited)",
					"@executable_path/Frameworks",
				);
				MARKETING_VERSION = 1.0;
				PRODUCT_BUNDLE_IDENTIFIER = UMSL.calculator2;
				PRODUCT_NAME = "$(TARGET_NAME)";
				SWIFT_EMIT_LOC_STRINGS = YES;
				SWIFT_VERSION = 5.0;
				TARGETED_DEVICE_FAMILY = "1,2";
			};
			name = Debug;
		};
		333B76A32E126A1200A2F1D7 /* Release */ = {
			isa = XCBuildConfiguration;
			buildSettings = {
				ASSETCATALOG_COMPILER_APPICON_NAME = AppIcon;
				ASSETCATALOG_COMPILER_GLOBAL_ACCENT_COLOR_NAME = AccentColor;
				CODE_SIGN_STYLE = Automatic;
				CURRENT_PROJECT_VERSION = 1;
				GENERATE_INFOPLIST_FILE = YES;
				INFOPLIST_FILE = calculator2/Info.plist;
				INFOPLIST_KEY_UIApplicationSupportsIndirectInputEvents = YES;
				INFOPLIST_KEY_UILaunchStoryboardName = LaunchScreen;
				INFOPLIST_KEY_UIMainStoryboardFile = Main;
				INFOPLIST_KEY_UISupportedInterfaceOrientations_iPad = "UIInterfaceOrientationPortrait UIInterfaceOrientationPortraitUpsideDown UIInterfaceOrientationLandscapeLeft UIInterfaceOrientationLandscapeRight";
				INFOPLIST_KEY_UISupportedInterfaceOrientations_iPhone = "UIInterfaceOrientationPortrait UIInterfaceOrientationLandscapeLeft UIInterfaceOrientationLandscapeRight";
				LD_RUNPATH_SEARCH_PATHS = (
					"$(inherited)",
					"@executable_path/Frameworks",
				);
				MARKETING_VERSION = 1.0;
				PRODUCT_BUNDLE_IDENTIFIER = UMSL.calculator2;
				PRODUCT_NAME = "$(TARGET_NAME)";
				SWIFT_EMIT_LOC_STRINGS = YES;
				SWIFT_VERSION = 5.0;
				TARGETED_DEVICE_FAMILY = "1,2";
			};
			name = Release;
		};
		333B76A42E126A1200A2F1D7 /* Debug */ = {
			isa = XCBuildConfiguration;
			buildSettings = {
				ALWAYS_SEARCH_USER_PATHS = NO;
				ASSETCATALOG_COMPILER_GENERATE_SWIFT_ASSET_SYMBOL_EXTENSIONS = YES;
				CLANG_ANALYZER_NONNULL = YES;
				CLANG_ANALYZER_NUMBER_OBJECT_CONVERSION = YES_AGGRESSIVE;
				CLANG_CXX_LANGUAGE_STANDARD = "gnu++20";
				CLANG_ENABLE_MODULES = YES;
				CLANG_ENABLE_OBJC_ARC = YES;
				CLANG_ENABLE_OBJC_WEAK = YES;
				CLANG_WARN_BLOCK_CAPTURE_AUTORELEASING = YES;
				CLANG_WARN_BOOL_CONVERSION = YES;
				CLANG_WARN_COMMA = YES;
				CLANG_WARN_CONSTANT_CONVERSION = YES;
				CLANG_WARN_DEPRECATED_OBJC_IMPLEMENTATIONS = YES;
				CLANG_WARN_DIRECT_OBJC_ISA_USAGE = YES_ERROR;
				CLANG_WARN_DOCUMENTATION_COMMENTS = YES;
				CLANG_WARN_EMPTY_BODY = YES;
				CLANG_WARN_ENUM_CONVERSION = YES;
				CLANG_WARN_INFINITE_RECURSION = YES;
				CLANG_WARN_INT_CONVERSION = YES;
				CLANG_WARN_NON_LITERAL_NULL_CONVERSION = YES;
				CLANG_WARN_OBJC_IMPLICIT_RETAIN_SELF = YES;
				CLANG_WARN_OBJC_LITERAL_CONVERSION = YES;
				CLANG_WARN_OBJC_ROOT_CLASS = YES_ERROR;
				CLANG_WARN_QUOTED_INCLUDE_IN_FRAMEWORK_HEADER = YES;
				CLANG_WARN_RANGE_LOOP_ANALYSIS = YES;
				CLANG_WARN_STRICT_PROTOTYPES = YES;
				CLANG_WARN_SUSPICIOUS_MOVE = YES;
				CLANG_WARN_UNGUARDED_AVAILABILITY = YES_AGGRESSIVE;
				CLANG_WARN_UNREACHABLE_CODE = YES;
				CLANG_WARN__DUPLICATE_METHOD_MATCH = YES;
				COPY_PHASE_STRIP = NO;
				DEBUG_INFORMATION_FORMAT = dwarf;
				ENABLE_STRICT_OBJC_MSGSEND = YES;
				ENABLE_TESTABILITY = YES;
				ENABLE_USER_SCRIPT_SANDBOXING = YES;
				GCC_C_LANGUAGE_STANDARD = gnu17;
				GCC_DYNAMIC_NO_PIC = NO;
				GCC_NO_COMMON_BLOCKS = YES;
				GCC_OPTIMIZATION_LEVEL = 0;
				GCC_PREPROCESSOR_DEFINITIONS = (
					"DEBUG=1",
					"$(inherited)",
				);
				GCC_WARN_64_TO_32_BIT_CONVERSION = YES;
				GCC_WARN_ABOUT_RETURN_TYPE = YES_ERROR;
				GCC_WARN_UNDECLARED_SELECTOR = YES;
				GCC_WARN_UNINITIALIZED_AUTOS = YES_AGGRESSIVE;
				GCC_WARN_UNUSED_FUNCTION = YES;
				GCC_WARN_UNUSED_VARIABLE = YES;
				IPHONEOS_DEPLOYMENT_TARGET = 18.4;
				LOCALIZATION_PREFERS_STRING_CATALOGS = YES;
				MTL_ENABLE_DEBUG_INFO = INCLUDE_SOURCE;
				MTL_FAST_MATH = YES;
				ONLY_ACTIVE_ARCH = YES;
				SDKROOT = iphoneos;
				SWIFT_ACTIVE_COMPILATION_CONDITIONS = "DEBUG $(inherited)";
				SWIFT_OPTIMIZATION_LEVEL = "-Onone";
			};
			name = Debug;
		};
		333B76A52E126A1200A2F1D7 /* Release */ = {
			isa = XCBuildConfiguration;
			buildSettings = {
				ALWAYS_SEARCH_USER_PATHS = NO;
				ASSETCATALOG_COMPILER_GENERATE_SWIFT_ASSET_SYMBOL_EXTENSIONS = YES;
				CLANG_ANALYZER_NONNULL = YES;
				CLANG_ANALYZER_NUMBER_OBJECT_CONVERSION = YES_AGGRESSIVE;
				CLANG_CXX_LANGUAGE_STANDARD = "gnu++20";
				CLANG_ENABLE_MODULES = YES;
				CLANG_ENABLE_OBJC_ARC = YES;
				CLANG_ENABLE_OBJC_WEAK = YES;
				CLANG_WARN_BLOCK_CAPTURE_AUTORELEASING = YES;
				CLANG_WARN_BOOL_CONVERSION = YES;
				CLANG_WARN_COMMA = YES;
				CLANG_WARN_CONSTANT_CONVERSION = YES;
				CLANG_WARN_DEPRECATED_OBJC_IMPLEMENTATIONS = YES;
				CLANG_WARN_DIRECT_OBJC_ISA_USAGE = YES_ERROR;
				CLANG_WARN_DOCUMENTATION_COMMENTS = YES;
				CLANG_WARN_EMPTY_BODY = YES;
				CLANG_WARN_ENUM_CONVERSION = YES;
				CLANG_WARN_INFINITE_RECURSION = YES;
				CLANG_WARN_INT_CONVERSION = YES;
				CLANG_WARN_NON_LITERAL_NULL_CONVERSION = YES;
				CLANG_WARN_OBJC_IMPLICIT_RETAIN_SELF = YES;
				CLANG_WARN_OBJC_LITERAL_CONVERSION = YES;
				CLANG_WARN_OBJC_ROOT_CLASS = YES_ERROR;
				CLANG_WARN_QUOTED_INCLUDE_IN_FRAMEWORK_HEADER = YES;
				CLANG_WARN_RANGE_LOOP_ANALYSIS = YES;
				CLANG_WARN_STRICT_PROTOTYPES = YES;
				CLANG_WARN_SUSPICIOUS_MOVE = YES;
				CLANG_WARN_UNGUARDED_AVAILABILITY = YES_AGGRESSIVE;
				CLANG_WARN_UNREACHABLE_CODE = YES;
				CLANG_WARN__DUPLICATE_METHOD_MATCH = YES;
				COPY_PHASE_STRIP = NO;
				DEBUG_INFORMATION_FORMAT = "dwarf-with-dsym";
				ENABLE_NS_ASSERTIONS = NO;
				ENABLE_STRICT_OBJC_MSGSEND = YES;
				ENABLE_USER_SCRIPT_SANDBOXING = YES;
				GCC_C_LANGUAGE_STANDARD = gnu17;
				GCC_NO_COMMON_BLOCKS = YES;
				GCC_WARN_64_TO_32_BIT_CONVERSION = YES;
				GCC_WARN_ABOUT_RETURN_TYPE = YES_ERROR;
				GCC_WARN_UNDECLARED_SELECTOR = YES;
				GCC_WARN_UNINITIALIZED_AUTOS = YES_AGGRESSIVE;
				GCC_WARN_UNUSED_FUNCTION = YES;
				GCC_WARN_UNUSED_VARIABLE = YES;
				IPHONEOS_DEPLOYMENT_TARGET = 18.4;
				LOCALIZATION_PREFERS_STRING_CATALOGS = YES;
				MTL_ENABLE_DEBUG_INFO = NO;
				MTL_FAST_MATH = YES;
				SDKROOT = iphoneos;
				SWIFT_COMPILATION_MODE = wholemodule;
				VALIDATE_PRODUCT = YES;
			};
			name = Release;
		};
		333B76A72E126A1200A2F1D7 /* Debug */ = {
			isa = XCBuildConfiguration;
			buildSettings = {
				BUNDLE_LOADER = "$(TEST_HOST)";
				CODE_SIGN_STYLE = Automatic;
				CURRENT_PROJECT_VERSION = 1;
				GENERATE_INFOPLIST_FILE = YES;
				IPHONEOS_DEPLOYMENT_TARGET = 18.4;
				MARKETING_VERSION = 1.0;
				PRODUCT_BUNDLE_IDENTIFIER = UMSL.calculator2Tests;
				PRODUCT_NAME = "$(TARGET_NAME)";
				SWIFT_EMIT_LOC_STRINGS = NO;
				SWIFT_VERSION = 5.0;
				TARGETED_DEVICE_FAMILY = "1,2";
				TEST_HOST = "$(BUILT_PRODUCTS_DIR)/calculator2.app/$(BUNDLE_EXECUTABLE_FOLDER_PATH)/calculator2";
			};
			name = Debug;
		};
		333B76A82E126A1200A2F1D7 /* Release */ = {
			isa = XCBuildConfiguration;
			buildSettings = {
				BUNDLE_LOADER = "$(TEST_HOST)";
				CODE_SIGN_STYLE = Automatic;
				CURRENT_PROJECT_VERSION = 1;
				GENERATE_INFOPLIST_FILE = YES;
				IPHONEOS_DEPLOYMENT_TARGET = 18.4;
				MARKETING_VERSION = 1.0;
				PRODUCT_BUNDLE_IDENTIFIER = UMSL.calculator2Tests;
				PRODUCT_NAME = "$(TARGET_NAME)";
				SWIFT_EMIT_LOC_STRINGS = NO;
				SWIFT_VERSION = 5.0;
				TARGETED_DEVICE_FAMILY = "1,2";
				TEST_HOST = "$(BUILT_PRODUCTS_DIR)/calculator2.app/$(BUNDLE_EXECUTABLE_FOLDER_PATH)/calculator2";
			};
			name = Release;
		};
		333B76AA2E126A1200A2F1D7 /* Debug */ = {
			isa = XCBuildConfiguration;
			buildSettings = {
				CODE_SIGN_STYLE = Automatic;
				CURRENT_PROJECT_VERSION = 1;
				GENERATE_INFOPLIST_FILE = YES;
				MARKETING_VERSION = 1.0;
				PRODUCT_BUNDLE_IDENTIFIER = UMSL.calculator2UITests;
				PRODUCT_NAME = "$(TARGET_NAME)";
				SWIFT_EMIT_LOC_STRINGS = NO;
				SWIFT_VERSION = 5.0;
				TARGETED_DEVICE_FAMILY = "1,2";
				TEST_TARGET_NAME = calculator2;
			};
			name = Debug;
		};
		333B76AB2E126A1200A2F1D7 /* Release */ = {
			isa = XCBuildConfiguration;
			buildSettings = {
				CODE_SIGN_STYLE = Automatic;
				CURRENT_PROJECT_VERSION = 1;
				GENERATE_INFOPLIST_FILE = YES;
				MARKETING_VERSION = 1.0;
				PRODUCT_BUNDLE_IDENTIFIER = UMSL.calculator2UITests;
				PRODUCT_NAME = "$(TARGET_NAME)";
				SWIFT_EMIT_LOC_STRINGS = NO;
				SWIFT_VERSION = 5.0;
				TARGETED_DEVICE_FAMILY = "1,2";
				TEST_TARGET_NAME = calculator2;
			};
			name = Release;
		};
/* End XCBuildConfiguration section */

/* Begin XCConfigurationList section */
		333B76732E126A1000A2F1D7 /* Build configuration list for PBXProject "calculator2" */ = {
			isa = XCConfigurationList;
			buildConfigurations = (
				333B76A42E126A1200A2F1D7 /* Debug */,
				333B76A52E126A1200A2F1D7 /* Release */,
			);
			defaultConfigurationIsVisible = 0;
			defaultConfigurationName = Release;
		};
		333B76A12E126A1200A2F1D7 /* Build configuration list for PBXNativeTarget "calculator2" */ = {
			isa = XCConfigurationList;
			buildConfigurations = (
				333B76A22E126A1200A2F1D7 /* Debug */,
				333B76A32E126A1200A2F1D7 /* Release */,
			);
			defaultConfigurationIsVisible = 0;
			defaultConfigurationName = Release;
		};
		333B76A62E126A1200A2F1D7 /* Build configuration list for PBXNativeTarget "calculator2Tests" */ = {
			isa = XCConfigurationList;
			buildConfigurations = (
				333B76A72E126A1200A2F1D7 /* Debug */,
				333B76A82E126A1200A2F1D7 /* Release */,
			);
			defaultConfigurationIsVisible = 0;
			defaultConfigurationName = Release;
		};
		333B76A92E126A1200A2F1D7 /* Build configuration list for PBXNativeTarget "calculator2UITests" */ = {
			isa = XCConfigurationList;
			buildConfigurations = (
				333B76AA2E126A1200A2F1D7 /* Debug */,
				333B76AB2E126A1200A2F1D7 /* Release */,
			);
			defaultConfigurationIsVisible = 0;
			defaultConfigurationName = Release;
		};
/* End XCConfigurationList section */
	};
	rootObject = 333B76702E126A1000A2F1D7 /* Project object */;
}
