// !$*UTF8*$!
{
	archiveVersion = 1;
	classes = {
	};
	objectVersion = 77;
	objects = {

/* Begin PBXBuildFile section */
		33D86B692E2EAA7500E01D33 /* PokeModel.swift in Sources */ = {isa = PBXBuildFile; fileRef = 33D86B682E2EAA6600E01D33 /* PokeModel.swift */; };
/* End PBXBuildFile section */

/* Begin PBXContainerItemProxy section */
		33D86B4B2E2EA9E000E01D33 /* PBXContainerItemProxy */ = {
			isa = PBXContainerItemProxy;
			containerPortal = 33D86B2C2E2EA9DF00E01D33 /* Project object */;
			proxyType = 1;
			remoteGlobalIDString = 33D86B332E2EA9DF00E01D33;
			remoteInfo = Proj_3;
		};
		33D86B552E2EA9E000E01D33 /* PBXContainerItemProxy */ = {
			isa = PBXContainerItemProxy;
			containerPortal = 33D86B2C2E2EA9DF00E01D33 /* Project object */;
			proxyType = 1;
			remoteGlobalIDString = 33D86B332E2EA9DF00E01D33;
			remoteInfo = Proj_3;
		};
/* End PBXContainerItemProxy section */

/* Begin PBXFileReference section */
		33D86B342E2EA9DF00E01D33 /* Proj_3.app */ = {isa = PBXFileReference; explicitFileType = wrapper.application; includeInIndex = 0; path = Proj_3.app; sourceTree = BUILT_PRODUCTS_DIR; };
		33D86B4A2E2EA9E000E01D33 /* Proj_3Tests.xctest */ = {isa = PBXFileReference; explicitFileType = wrapper.cfbundle; includeInIndex = 0; path = Proj_3Tests.xctest; sourceTree = BUILT_PRODUCTS_DIR; };
		33D86B542E2EA9E000E01D33 /* Proj_3UITests.xctest */ = {isa = PBXFileReference; explicitFileType = wrapper.cfbundle; includeInIndex = 0; path = Proj_3UITests.xctest; sourceTree = BUILT_PRODUCTS_DIR; };
		33D86B682E2EAA6600E01D33 /* PokeModel.swift */ = {isa = PBXFileReference; lastKnownFileType = sourcecode.swift; path = PokeModel.swift; sourceTree = "<group>"; };
/* End PBXFileReference section */

/* Begin PBXFileSystemSynchronizedBuildFileExceptionSet section */
		33D86B5C2E2EA9E000E01D33 /* Exceptions for "Proj_3" folder in "Proj_3" target */ = {
			isa = PBXFileSystemSynchronizedBuildFileExceptionSet;
			membershipExceptions = (
				Info.plist,
			);
			target = 33D86B332E2EA9DF00E01D33 /* Proj_3 */;
		};
/* End PBXFileSystemSynchronizedBuildFileExceptionSet section */

/* Begin PBXFileSystemSynchronizedRootGroup section */
		33D86B362E2EA9DF00E01D33 /* Proj_3 */ = {
			isa = PBXFileSystemSynchronizedRootGroup;
			exceptions = (
				33D86B5C2E2EA9E000E01D33 /* Exceptions for "Proj_3" folder in "Proj_3" target */,
			);
			path = Proj_3;
			sourceTree = "<group>";
		};
		33D86B4D2E2EA9E000E01D33 /* Proj_3Tests */ = {
			isa = PBXFileSystemSynchronizedRootGroup;
			path = Proj_3Tests;
			sourceTree = "<group>";
		};
		33D86B572E2EA9E000E01D33 /* Proj_3UITests */ = {
			isa = PBXFileSystemSynchronizedRootGroup;
			path = Proj_3UITests;
			sourceTree = "<group>";
		};
/* End PBXFileSystemSynchronizedRootGroup section */

/* Begin PBXFrameworksBuildPhase section */
		33D86B312E2EA9DF00E01D33 /* Frameworks */ = {
			isa = PBXFrameworksBuildPhase;
			buildActionMask = 2147483647;
			files = (
			);
			runOnlyForDeploymentPostprocessing = 0;
		};
		33D86B472E2EA9E000E01D33 /* Frameworks */ = {
			isa = PBXFrameworksBuildPhase;
			buildActionMask = 2147483647;
			files = (
			);
			runOnlyForDeploymentPostprocessing = 0;
		};
		33D86B512E2EA9E000E01D33 /* Frameworks */ = {
			isa = PBXFrameworksBuildPhase;
			buildActionMask = 2147483647;
			files = (
			);
			runOnlyForDeploymentPostprocessing = 0;
		};
/* End PBXFrameworksBuildPhase section */

/* Begin PBXGroup section */
		33D86B2B2E2EA9DF00E01D33 = {
			isa = PBXGroup;
			children = (
				33D86B682E2EAA6600E01D33 /* PokeModel.swift */,
				33D86B362E2EA9DF00E01D33 /* Proj_3 */,
				33D86B4D2E2EA9E000E01D33 /* Proj_3Tests */,
				33D86B572E2EA9E000E01D33 /* Proj_3UITests */,
				33D86B352E2EA9DF00E01D33 /* Products */,
			);
			sourceTree = "<group>";
		};
		33D86B352E2EA9DF00E01D33 /* Products */ = {
			isa = PBXGroup;
			children = (
				33D86B342E2EA9DF00E01D33 /* Proj_3.app */,
				33D86B4A2E2EA9E000E01D33 /* Proj_3Tests.xctest */,
				33D86B542E2EA9E000E01D33 /* Proj_3UITests.xctest */,
			);
			name = Products;
			sourceTree = "<group>";
		};
/* End PBXGroup section */

/* Begin PBXNativeTarget section */
		33D86B332E2EA9DF00E01D33 /* Proj_3 */ = {
			isa = PBXNativeTarget;
			buildConfigurationList = 33D86B5D2E2EA9E000E01D33 /* Build configuration list for PBXNativeTarget "Proj_3" */;
			buildPhases = (
				33D86B302E2EA9DF00E01D33 /* Sources */,
				33D86B312E2EA9DF00E01D33 /* Frameworks */,
				33D86B322E2EA9DF00E01D33 /* Resources */,
			);
			buildRules = (
			);
			dependencies = (
			);
			fileSystemSynchronizedGroups = (
				33D86B362E2EA9DF00E01D33 /* Proj_3 */,
			);
			name = Proj_3;
			packageProductDependencies = (
			);
			productName = Proj_3;
			productReference = 33D86B342E2EA9DF00E01D33 /* Proj_3.app */;
			productType = "com.apple.product-type.application";
		};
		33D86B492E2EA9E000E01D33 /* Proj_3Tests */ = {
			isa = PBXNativeTarget;
			buildConfigurationList = 33D86B622E2EA9E000E01D33 /* Build configuration list for PBXNativeTarget "Proj_3Tests" */;
			buildPhases = (
				33D86B462E2EA9E000E01D33 /* Sources */,
				33D86B472E2EA9E000E01D33 /* Frameworks */,
				33D86B482E2EA9E000E01D33 /* Resources */,
			);
			buildRules = (
			);
			dependencies = (
				33D86B4C2E2EA9E000E01D33 /* PBXTargetDependency */,
			);
			fileSystemSynchronizedGroups = (
				33D86B4D2E2EA9E000E01D33 /* Proj_3Tests */,
			);
			name = Proj_3Tests;
			packageProductDependencies = (
			);
			productName = Proj_3Tests;
			productReference = 33D86B4A2E2EA9E000E01D33 /* Proj_3Tests.xctest */;
			productType = "com.apple.product-type.bundle.unit-test";
		};
		33D86B532E2EA9E000E01D33 /* Proj_3UITests */ = {
			isa = PBXNativeTarget;
			buildConfigurationList = 33D86B652E2EA9E000E01D33 /* Build configuration list for PBXNativeTarget "Proj_3UITests" */;
			buildPhases = (
				33D86B502E2EA9E000E01D33 /* Sources */,
				33D86B512E2EA9E000E01D33 /* Frameworks */,
				33D86B522E2EA9E000E01D33 /* Resources */,
			);
			buildRules = (
			);
			dependencies = (
				33D86B562E2EA9E000E01D33 /* PBXTargetDependency */,
			);
			fileSystemSynchronizedGroups = (
				33D86B572E2EA9E000E01D33 /* Proj_3UITests */,
			);
			name = Proj_3UITests;
			packageProductDependencies = (
			);
			productName = Proj_3UITests;
			productReference = 33D86B542E2EA9E000E01D33 /* Proj_3UITests.xctest */;
			productType = "com.apple.product-type.bundle.ui-testing";
		};
/* End PBXNativeTarget section */

/* Begin PBXProject section */
		33D86B2C2E2EA9DF00E01D33 /* Project object */ = {
			isa = PBXProject;
			attributes = {
				BuildIndependentTargetsInParallel = 1;
				LastSwiftUpdateCheck = 1640;
				LastUpgradeCheck = 1640;
				TargetAttributes = {
					33D86B332E2EA9DF00E01D33 = {
						CreatedOnToolsVersion = 16.4;
					};
					33D86B492E2EA9E000E01D33 = {
						CreatedOnToolsVersion = 16.4;
						TestTargetID = 33D86B332E2EA9DF00E01D33;
					};
					33D86B532E2EA9E000E01D33 = {
						CreatedOnToolsVersion = 16.4;
						TestTargetID = 33D86B332E2EA9DF00E01D33;
					};
				};
			};
			buildConfigurationList = 33D86B2F2E2EA9DF00E01D33 /* Build configuration list for PBXProject "Proj_3" */;
			developmentRegion = en;
			hasScannedForEncodings = 0;
			knownRegions = (
				en,
				Base,
			);
			mainGroup = 33D86B2B2E2EA9DF00E01D33;
			minimizedProjectReferenceProxies = 1;
			preferredProjectObjectVersion = 77;
			productRefGroup = 33D86B352E2EA9DF00E01D33 /* Products */;
			projectDirPath = "";
			projectRoot = "";
			targets = (
				33D86B332E2EA9DF00E01D33 /* Proj_3 */,
				33D86B492E2EA9E000E01D33 /* Proj_3Tests */,
				33D86B532E2EA9E000E01D33 /* Proj_3UITests */,
			);
		};
/* End PBXProject section */

/* Begin PBXResourcesBuildPhase section */
		33D86B322E2EA9DF00E01D33 /* Resources */ = {
			isa = PBXResourcesBuildPhase;
			buildActionMask = 2147483647;
			files = (
			);
			runOnlyForDeploymentPostprocessing = 0;
		};
		33D86B482E2EA9E000E01D33 /* Resources */ = {
			isa = PBXResourcesBuildPhase;
			buildActionMask = 2147483647;
			files = (
			);
			runOnlyForDeploymentPostprocessing = 0;
		};
		33D86B522E2EA9E000E01D33 /* Resources */ = {
			isa = PBXResourcesBuildPhase;
			buildActionMask = 2147483647;
			files = (
			);
			runOnlyForDeploymentPostprocessing = 0;
		};
/* End PBXResourcesBuildPhase section */

/* Begin PBXSourcesBuildPhase section */
		33D86B302E2EA9DF00E01D33 /* Sources */ = {
			isa = PBXSourcesBuildPhase;
			buildActionMask = 2147483647;
			files = (
				33D86B692E2EAA7500E01D33 /* PokeModel.swift in Sources */,
			);
			runOnlyForDeploymentPostprocessing = 0;
		};
		33D86B462E2EA9E000E01D33 /* Sources */ = {
			isa = PBXSourcesBuildPhase;
			buildActionMask = 2147483647;
			files = (
			);
			runOnlyForDeploymentPostprocessing = 0;
		};
		33D86B502E2EA9E000E01D33 /* Sources */ = {
			isa = PBXSourcesBuildPhase;
			buildActionMask = 2147483647;
			files = (
			);
			runOnlyForDeploymentPostprocessing = 0;
		};
/* End PBXSourcesBuildPhase section */

/* Begin PBXTargetDependency section */
		33D86B4C2E2EA9E000E01D33 /* PBXTargetDependency */ = {
			isa = PBXTargetDependency;
			target = 33D86B332E2EA9DF00E01D33 /* Proj_3 */;
			targetProxy = 33D86B4B2E2EA9E000E01D33 /* PBXContainerItemProxy */;
		};
		33D86B562E2EA9E000E01D33 /* PBXTargetDependency */ = {
			isa = PBXTargetDependency;
			target = 33D86B332E2EA9DF00E01D33 /* Proj_3 */;
			targetProxy = 33D86B552E2EA9E000E01D33 /* PBXContainerItemProxy */;
		};
/* End PBXTargetDependency section */

/* Begin XCBuildConfiguration section */
		33D86B5E2E2EA9E000E01D33 /* Debug */ = {
			isa = XCBuildConfiguration;
			buildSettings = {
				ASSETCATALOG_COMPILER_APPICON_NAME = AppIcon;
				ASSETCATALOG_COMPILER_GLOBAL_ACCENT_COLOR_NAME = AccentColor;
				CODE_SIGN_STYLE = Automatic;
				CURRENT_PROJECT_VERSION = 1;
				GENERATE_INFOPLIST_FILE = YES;
				INFOPLIST_FILE = Proj_3/Info.plist;
				INFOPLIST_KEY_UIApplicationSupportsIndirectInputEvents = YES;
				INFOPLIST_KEY_UILaunchStoryboardName = LaunchScreen;
				INFOPLIST_KEY_UISupportedInterfaceOrientations_iPad = "UIInterfaceOrientationPortrait UIInterfaceOrientationPortraitUpsideDown UIInterfaceOrientationLandscapeLeft UIInterfaceOrientationLandscapeRight";
				INFOPLIST_KEY_UISupportedInterfaceOrientations_iPhone = "UIInterfaceOrientationPortrait UIInterfaceOrientationLandscapeLeft UIInterfaceOrientationLandscapeRight";
				LD_RUNPATH_SEARCH_PATHS = (
					"$(inherited)",
					"@executable_path/Frameworks",
				);
				MARKETING_VERSION = 1.0;
				PRODUCT_BUNDLE_IDENTIFIER = "UMSL.Proj-3";
				PRODUCT_NAME = "$(TARGET_NAME)";
				SWIFT_EMIT_LOC_STRINGS = YES;
				SWIFT_VERSION = 5.0;
				TARGETED_DEVICE_FAMILY = "1,2";
			};
			name = Debug;
		};
		33D86B5F2E2EA9E000E01D33 /* Release */ = {
			isa = XCBuildConfiguration;
			buildSettings = {
				ASSETCATALOG_COMPILER_APPICON_NAME = AppIcon;
				ASSETCATALOG_COMPILER_GLOBAL_ACCENT_COLOR_NAME = AccentColor;
				CODE_SIGN_STYLE = Automatic;
				CURRENT_PROJECT_VERSION = 1;
				GENERATE_INFOPLIST_FILE = YES;
				INFOPLIST_FILE = Proj_3/Info.plist;
				INFOPLIST_KEY_UIApplicationSupportsIndirectInputEvents = YES;
				INFOPLIST_KEY_UILaunchStoryboardName = LaunchScreen;
				INFOPLIST_KEY_UISupportedInterfaceOrientations_iPad = "UIInterfaceOrientationPortrait UIInterfaceOrientationPortraitUpsideDown UIInterfaceOrientationLandscapeLeft UIInterfaceOrientationLandscapeRight";
				INFOPLIST_KEY_UISupportedInterfaceOrientations_iPhone = "UIInterfaceOrientationPortrait UIInterfaceOrientationLandscapeLeft UIInterfaceOrientationLandscapeRight";
				LD_RUNPATH_SEARCH_PATHS = (
					"$(inherited)",
					"@executable_path/Frameworks",
				);
				MARKETING_VERSION = 1.0;
				PRODUCT_BUNDLE_IDENTIFIER = "UMSL.Proj-3";
				PRODUCT_NAME = "$(TARGET_NAME)";
				SWIFT_EMIT_LOC_STRINGS = YES;
				SWIFT_VERSION = 5.0;
				TARGETED_DEVICE_FAMILY = "1,2";
			};
			name = Release;
		};
		33D86B602E2EA9E000E01D33 /* Debug */ = {
			isa = XCBuildConfiguration;
			buildSettings = {
				ALWAYS_SEARCH_USER_PATHS = NO;
				ASSETCATALOG_COMPILER_GENERATE_SWIFT_ASSET_SYMBOL_EXTENSIONS = YES;
				CLANG_ANALYZER_NONNULL = YES;
				CLANG_ANALYZER_NUMBER_OBJECT_CONVERSION = YES_AGGRESSIVE;
				CLANG_CXX_LANGUAGE_STANDARD = "gnu++20";
				CLANG_ENABLE_MODULES = YES;
				CLANG_ENABLE_OBJC_ARC = YES;
				CLANG_ENABLE_OBJC_WEAK = YES;
				CLANG_WARN_BLOCK_CAPTURE_AUTORELEASING = YES;
				CLANG_WARN_BOOL_CONVERSION = YES;
				CLANG_WARN_COMMA = YES;
				CLANG_WARN_CONSTANT_CONVERSION = YES;
				CLANG_WARN_DEPRECATED_OBJC_IMPLEMENTATIONS = YES;
				CLANG_WARN_DIRECT_OBJC_ISA_USAGE = YES_ERROR;
				CLANG_WARN_DOCUMENTATION_COMMENTS = YES;
				CLANG_WARN_EMPTY_BODY = YES;
				CLANG_WARN_ENUM_CONVERSION = YES;
				CLANG_WARN_INFINITE_RECURSION = YES;
				CLANG_WARN_INT_CONVERSION = YES;
				CLANG_WARN_NON_LITERAL_NULL_CONVERSION = YES;
				CLANG_WARN_OBJC_IMPLICIT_RETAIN_SELF = YES;
				CLANG_WARN_OBJC_LITERAL_CONVERSION = YES;
				CLANG_WARN_OBJC_ROOT_CLASS = YES_ERROR;
				CLANG_WARN_QUOTED_INCLUDE_IN_FRAMEWORK_HEADER = YES;
				CLANG_WARN_RANGE_LOOP_ANALYSIS = YES;
				CLANG_WARN_STRICT_PROTOTYPES = YES;
				CLANG_WARN_SUSPICIOUS_MOVE = YES;
				CLANG_WARN_UNGUARDED_AVAILABILITY = YES_AGGRESSIVE;
				CLANG_WARN_UNREACHABLE_CODE = YES;
				CLANG_WARN__DUPLICATE_METHOD_MATCH = YES;
				COPY_PHASE_STRIP = NO;
				DEBUG_INFORMATION_FORMAT = dwarf;
				ENABLE_STRICT_OBJC_MSGSEND = YES;
				ENABLE_TESTABILITY = YES;
				ENABLE_USER_SCRIPT_SANDBOXING = YES;
				GCC_C_LANGUAGE_STANDARD = gnu17;
				GCC_DYNAMIC_NO_PIC = NO;
				GCC_NO_COMMON_BLOCKS = YES;
				GCC_OPTIMIZATION_LEVEL = 0;
				GCC_PREPROCESSOR_DEFINITIONS = (
					"DEBUG=1",
					"$(inherited)",
				);
				GCC_WARN_64_TO_32_BIT_CONVERSION = YES;
				GCC_WARN_ABOUT_RETURN_TYPE = YES_ERROR;
				GCC_WARN_UNDECLARED_SELECTOR = YES;
				GCC_WARN_UNINITIALIZED_AUTOS = YES_AGGRESSIVE;
				GCC_WARN_UNUSED_FUNCTION = YES;
				GCC_WARN_UNUSED_VARIABLE = YES;
				IPHONEOS_DEPLOYMENT_TARGET = 18.5;
				LOCALIZATION_PREFERS_STRING_CATALOGS = YES;
				MTL_ENABLE_DEBUG_INFO = INCLUDE_SOURCE;
				MTL_FAST_MATH = YES;
				ONLY_ACTIVE_ARCH = YES;
				SDKROOT = iphoneos;
				SWIFT_ACTIVE_COMPILATION_CONDITIONS = "DEBUG $(inherited)";
				SWIFT_OPTIMIZATION_LEVEL = "-Onone";
			};
			name = Debug;
		};
		33D86B612E2EA9E000E01D33 /* Release */ = {
			isa = XCBuildConfiguration;
			buildSettings = {
				ALWAYS_SEARCH_USER_PATHS = NO;
				ASSETCATALOG_COMPILER_GENERATE_SWIFT_ASSET_SYMBOL_EXTENSIONS = YES;
				CLANG_ANALYZER_NONNULL = YES;
				CLANG_ANALYZER_NUMBER_OBJECT_CONVERSION = YES_AGGRESSIVE;
				CLANG_CXX_LANGUAGE_STANDARD = "gnu++20";
				CLANG_ENABLE_MODULES = YES;
				CLANG_ENABLE_OBJC_ARC = YES;
				CLANG_ENABLE_OBJC_WEAK = YES;
				CLANG_WARN_BLOCK_CAPTURE_AUTORELEASING = YES;
				CLANG_WARN_BOOL_CONVERSION = YES;
				CLANG_WARN_COMMA = YES;
				CLANG_WARN_CONSTANT_CONVERSION = YES;
				CLANG_WARN_DEPRECATED_OBJC_IMPLEMENTATIONS = YES;
				CLANG_WARN_DIRECT_OBJC_ISA_USAGE = YES_ERROR;
				CLANG_WARN_DOCUMENTATION_COMMENTS = YES;
				CLANG_WARN_EMPTY_BODY = YES;
				CLANG_WARN_ENUM_CONVERSION = YES;
				CLANG_WARN_INFINITE_RECURSION = YES;
				CLANG_WARN_INT_CONVERSION = YES;
				CLANG_WARN_NON_LITERAL_NULL_CONVERSION = YES;
				CLANG_WARN_OBJC_IMPLICIT_RETAIN_SELF = YES;
				CLANG_WARN_OBJC_LITERAL_CONVERSION = YES;
				CLANG_WARN_OBJC_ROOT_CLASS = YES_ERROR;
				CLANG_WARN_QUOTED_INCLUDE_IN_FRAMEWORK_HEADER = YES;
				CLANG_WARN_RANGE_LOOP_ANALYSIS = YES;
				CLANG_WARN_STRICT_PROTOTYPES = YES;
				CLANG_WARN_SUSPICIOUS_MOVE = YES;
				CLANG_WARN_UNGUARDED_AVAILABILITY = YES_AGGRESSIVE;
				CLANG_WARN_UNREACHABLE_CODE = YES;
				CLANG_WARN__DUPLICATE_METHOD_MATCH = YES;
				COPY_PHASE_STRIP = NO;
				DEBUG_INFORMATION_FORMAT = "dwarf-with-dsym";
				ENABLE_NS_ASSERTIONS = NO;
				ENABLE_STRICT_OBJC_MSGSEND = YES;
				ENABLE_USER_SCRIPT_SANDBOXING = YES;
				GCC_C_LANGUAGE_STANDARD = gnu17;
				GCC_NO_COMMON_BLOCKS = YES;
				GCC_WARN_64_TO_32_BIT_CONVERSION = YES;
				GCC_WARN_ABOUT_RETURN_TYPE = YES_ERROR;
				GCC_WARN_UNDECLARED_SELECTOR = YES;
				GCC_WARN_UNINITIALIZED_AUTOS = YES_AGGRESSIVE;
				GCC_WARN_UNUSED_FUNCTION = YES;
				GCC_WARN_UNUSED_VARIABLE = YES;
				IPHONEOS_DEPLOYMENT_TARGET = 18.5;
				LOCALIZATION_PREFERS_STRING_CATALOGS = YES;
				MTL_ENABLE_DEBUG_INFO = NO;
				MTL_FAST_MATH = YES;
				SDKROOT = iphoneos;
				SWIFT_COMPILATION_MODE = wholemodule;
				VALIDATE_PRODUCT = YES;
			};
			name = Release;
		};
		33D86B632E2EA9E000E01D33 /* Debug */ = {
			isa = XCBuildConfiguration;
			buildSettings = {
				BUNDLE_LOADER = "$(TEST_HOST)";
				CODE_SIGN_STYLE = Automatic;
				CURRENT_PROJECT_VERSION = 1;
				GENERATE_INFOPLIST_FILE = YES;
				IPHONEOS_DEPLOYMENT_TARGET = 18.5;
				MARKETING_VERSION = 1.0;
				PRODUCT_BUNDLE_IDENTIFIER = "UMSL.Proj-3Tests";
				PRODUCT_NAME = "$(TARGET_NAME)";
				SWIFT_EMIT_LOC_STRINGS = NO;
				SWIFT_VERSION = 5.0;
				TARGETED_DEVICE_FAMILY = "1,2";
				TEST_HOST = "$(BUILT_PRODUCTS_DIR)/Proj_3.app/$(BUNDLE_EXECUTABLE_FOLDER_PATH)/Proj_3";
			};
			name = Debug;
		};
		33D86B642E2EA9E000E01D33 /* Release */ = {
			isa = XCBuildConfiguration;
			buildSettings = {
				BUNDLE_LOADER = "$(TEST_HOST)";
				CODE_SIGN_STYLE = Automatic;
				CURRENT_PROJECT_VERSION = 1;
				GENERATE_INFOPLIST_FILE = YES;
				IPHONEOS_DEPLOYMENT_TARGET = 18.5;
				MARKETING_VERSION = 1.0;
				PRODUCT_BUNDLE_IDENTIFIER = "UMSL.Proj-3Tests";
				PRODUCT_NAME = "$(TARGET_NAME)";
				SWIFT_EMIT_LOC_STRINGS = NO;
				SWIFT_VERSION = 5.0;
				TARGETED_DEVICE_FAMILY = "1,2";
				TEST_HOST = "$(BUILT_PRODUCTS_DIR)/Proj_3.app/$(BUNDLE_EXECUTABLE_FOLDER_PATH)/Proj_3";
			};
			name = Release;
		};
		33D86B662E2EA9E000E01D33 /* Debug */ = {
			isa = XCBuildConfiguration;
			buildSettings = {
				CODE_SIGN_STYLE = Automatic;
				CURRENT_PROJECT_VERSION = 1;
				GENERATE_INFOPLIST_FILE = YES;
				MARKETING_VERSION = 1.0;
				PRODUCT_BUNDLE_IDENTIFIER = "UMSL.Proj-3UITests";
				PRODUCT_NAME = "$(TARGET_NAME)";
				SWIFT_EMIT_LOC_STRINGS = NO;
				SWIFT_VERSION = 5.0;
				TARGETED_DEVICE_FAMILY = "1,2";
				TEST_TARGET_NAME = Proj_3;
			};
			name = Debug;
		};
		33D86B672E2EA9E000E01D33 /* Release */ = {
			isa = XCBuildConfiguration;
			buildSettings = {
				CODE_SIGN_STYLE = Automatic;
				CURRENT_PROJECT_VERSION = 1;
				GENERATE_INFOPLIST_FILE = YES;
				MARKETING_VERSION = 1.0;
				PRODUCT_BUNDLE_IDENTIFIER = "UMSL.Proj-3UITests";
				PRODUCT_NAME = "$(TARGET_NAME)";
				SWIFT_EMIT_LOC_STRINGS = NO;
				SWIFT_VERSION = 5.0;
				TARGETED_DEVICE_FAMILY = "1,2";
				TEST_TARGET_NAME = Proj_3;
			};
			name = Release;
		};
/* End XCBuildConfiguration section */

/* Begin XCConfigurationList section */
		33D86B2F2E2EA9DF00E01D33 /* Build configuration list for PBXProject "Proj_3" */ = {
			isa = XCConfigurationList;
			buildConfigurations = (
				33D86B602E2EA9E000E01D33 /* Debug */,
				33D86B612E2EA9E000E01D33 /* Release */,
			);
			defaultConfigurationIsVisible = 0;
			defaultConfigurationName = Release;
		};
		33D86B5D2E2EA9E000E01D33 /* Build configuration list for PBXNativeTarget "Proj_3" */ = {
			isa = XCConfigurationList;
			buildConfigurations = (
				33D86B5E2E2EA9E000E01D33 /* Debug */,
				33D86B5F2E2EA9E000E01D33 /* Release */,
			);
			defaultConfigurationIsVisible = 0;
			defaultConfigurationName = Release;
		};
		33D86B622E2EA9E000E01D33 /* Build configuration list for PBXNativeTarget "Proj_3Tests" */ = {
			isa = XCConfigurationList;
			buildConfigurations = (
				33D86B632E2EA9E000E01D33 /* Debug */,
				33D86B642E2EA9E000E01D33 /* Release */,
			);
			defaultConfigurationIsVisible = 0;
			defaultConfigurationName = Release;
		};
		33D86B652E2EA9E000E01D33 /* Build configuration list for PBXNativeTarget "Proj_3UITests" */ = {
			isa = XCConfigurationList;
			buildConfigurations = (
				33D86B662E2EA9E000E01D33 /* Debug */,
				33D86B672E2EA9E000E01D33 /* Release */,
			);
			defaultConfigurationIsVisible = 0;
			defaultConfigurationName = Release;
		};
/* End XCConfigurationList section */
	};
	rootObject = 33D86B2C2E2EA9DF00E01D33 /* Project object */;
}
